{
  "version": "4",
  "specifiers": {
    "jsr:@std/assert@*": "1.0.6",
    "jsr:@std/fs@*": "1.0.4",
    "jsr:@std/fs@^1.0.4": "1.0.4",
    "jsr:@std/internal@^1.0.4": "1.0.4",
    "jsr:@std/path@*": "1.0.6",
    "jsr:@std/path@^1.0.6": "1.0.6",
    "jsr:@std/text@^1.0.7": "1.0.7",
    "npm:@types/node@*": "22.5.4",
    "npm:deasync@*": "0.1.30",
    "npm:tree-sitter-typescript@0.23": "0.23.0_tree-sitter@0.21.1",
    "npm:tree-sitter@~0.21.1": "0.21.1"
  },
  "jsr": {
    "@std/assert@1.0.6": {
      "integrity": "1904c05806a25d94fe791d6d883b685c9e2dcd60e4f9fc30f4fc5cf010c72207",
      "dependencies": [
        "jsr:@std/internal"
      ]
    },
    "@std/fs@1.0.4": {
      "integrity": "2907d32d8d1d9e540588fd5fe0ec21ee638134bd51df327ad4e443aaef07123c",
      "dependencies": [
        "jsr:@std/path@^1.0.6"
      ]
    },
    "@std/internal@1.0.4": {
      "integrity": "62e8e4911527e5e4f307741a795c0b0a9e6958d0b3790716ae71ce085f755422"
    },
    "@std/path@1.0.6": {
      "integrity": "ab2c55f902b380cf28e0eec501b4906e4c1960d13f00e11cfbcd21de15f18fed"
    },
    "@std/text@1.0.7": {
      "integrity": "344a820af99fde81ae1d4f9ce586da3f47a58cda25ac4c4dd688166cf5ed97f1"
    }
  },
  "npm": {
    "@types/node@22.5.4": {
      "integrity": "sha512-FDuKUJQm/ju9fT/SeX/6+gBzoPzlVCzfzmGkwKvRHQVxi4BntVbyIwf6a4Xn62mrvndLiml6z/UBXIdEVjQLXg==",
      "dependencies": [
        "undici-types"
      ]
    },
    "bindings@1.5.0": {
      "integrity": "sha512-p2q/t/mhvuOj/UeLlV6566GD/guowlr0hHxClI0W9m7MWYkL1F0hLo+0Aexs9HSPCtR1SXQ0TD3MMKrXZajbiQ==",
      "dependencies": [
        "file-uri-to-path"
      ]
    },
    "deasync@0.1.30": {
      "integrity": "sha512-OaAjvEQuQ9tJsKG4oHO9nV1UHTwb2Qc2+fadB0VeVtD0Z9wiG1XPGLJ4W3aLhAoQSYTaLROFRbd5X20Dkzf7MQ==",
      "dependencies": [
        "bindings",
        "node-addon-api@1.7.2"
      ]
    },
    "file-uri-to-path@1.0.0": {
      "integrity": "sha512-0Zt+s3L7Vf1biwWZ29aARiVYLx7iMGnEUl9x33fbB/j3jR81u/O2LbqK+Bm1CDSNDKVtJ/YjwY7TUd5SkeLQLw=="
    },
    "node-addon-api@1.7.2": {
      "integrity": "sha512-ibPK3iA+vaY1eEjESkQkM0BbCqFOaZMiXRTtdB0u7b4djtY6JnsjvPdUHVMg6xQt3B8fpTTWHI9A+ADjM9frzg=="
    },
    "node-addon-api@8.2.1": {
      "integrity": "sha512-vmEOvxwiH8tlOcv4SyE8RH34rI5/nWVaigUeAUPawC6f0+HoDthwI0vkMu4tbtsZrXq6QXFfrkhjofzKEs5tpA=="
    },
    "node-gyp-build@4.8.2": {
      "integrity": "sha512-IRUxE4BVsHWXkV/SFOut4qTlagw2aM8T5/vnTsmrHJvVoKueJHRc/JaFND7QDDc61kLYUJ6qlZM3sqTSyx2dTw=="
    },
    "tree-sitter-typescript@0.23.0_tree-sitter@0.21.1": {
      "integrity": "sha512-hRy5O9d+9ON4HxIWWxkI4zonrw2v/WNN1JoiGW5HkXfC9K2R3p53ugMvs6Vs4T7ASCwggsoQ75LNdgpExC/zgQ==",
      "dependencies": [
        "node-addon-api@8.2.1",
        "node-gyp-build",
        "tree-sitter"
      ]
    },
    "tree-sitter@0.21.1": {
      "integrity": "sha512-7dxoA6kYvtgWw80265MyqJlkRl4yawIjO7S5MigytjELkX43fV2WsAXzsNfO7sBpPPCF5Gp0+XzHk0DwLCq3xQ==",
      "dependencies": [
        "node-addon-api@8.2.1",
        "node-gyp-build"
      ]
    },
    "undici-types@6.19.8": {
      "integrity": "sha512-ve2KP6f/JnbPBFyobGHuerC9g1FYGn/F8n1LWTwNxCEzd6IfqTwUQcNXgEtmmQ6DlRrC1hrSrBnCZPokRrDHjw=="
    }
  },
  "workspace": {
    "dependencies": [
      "jsr:@std/fs@^1.0.4",
      "jsr:@std/path@^1.0.6",
      "jsr:@std/text@^1.0.7",
      "npm:tree-sitter-typescript@0.23",
      "npm:tree-sitter@~0.21.1"
    ]
  }
}
