# This file is automatically @generated by Poetry 1.7.1 and should not be changed by hand.

[[package]]
name = "anyio"
version = "4.1.0"
description = "High level compatibility layer for multiple asynchronous event loop implementations"
optional = false
python-versions = ">=3.8"
files = [
    {file = "anyio-4.1.0-py3-none-any.whl", hash = "sha256:56a415fbc462291813a94528a779597226619c8e78af7de0507333f700011e5f"},
    {file = "anyio-4.1.0.tar.gz", hash = "sha256:5a0bec7085176715be77df87fc66d6c9d70626bd752fcc85f57cdbee5b3760da"},
]

[package.dependencies]
exceptiongroup = {version = ">=1.0.2", markers = "python_version < \"3.11\""}
idna = ">=2.8"
sniffio = ">=1.1"

[package.extras]
doc = ["Sphinx (>=7)", "packaging", "sphinx-autodoc-typehints (>=1.2.0)", "sphinx-rtd-theme"]
test = ["anyio[trio]", "coverage[toml] (>=7)", "exceptiongroup (>=1.2.0)", "hypothesis (>=4.0)", "psutil (>=5.9)", "pytest (>=7.0)", "pytest-mock (>=3.6.1)", "trustme", "uvloop (>=0.17)"]
trio = ["trio (>=0.23)"]

[[package]]
name = "astunparse"
version = "1.6.3"
description = "An AST unparser for Python"
optional = false
python-versions = "*"
files = [
    {file = "astunparse-1.6.3-py2.py3-none-any.whl", hash = "sha256:c2652417f2c8b5bb325c885ae329bdf3f86424075c4fd1a128674bc6fba4b8e8"},
    {file = "astunparse-1.6.3.tar.gz", hash = "sha256:5ad93a8456f0d084c3456d059fd9a92cce667963232cbf763eac3bc5b7940872"},
]

[package.dependencies]
six = ">=1.6.1,<2.0"
wheel = ">=0.23.0,<1.0"

[[package]]
name = "certifi"
version = "2023.11.17"
description = "Python package for providing Mozilla's CA Bundle."
optional = false
python-versions = ">=3.6"
files = [
    {file = "certifi-2023.11.17-py3-none-any.whl", hash = "sha256:e036ab49d5b79556f99cfc2d9320b34cfbe5be05c5871b51de9329f0603b0474"},
    {file = "certifi-2023.11.17.tar.gz", hash = "sha256:9b469f3a900bf28dc19b8cfbf8019bf47f7fdd1a65a1d4ffb98fc14166beb4d1"},
]

[[package]]
name = "exceptiongroup"
version = "1.2.0"
description = "Backport of PEP 654 (exception groups)"
optional = false
python-versions = ">=3.7"
files = [
    {file = "exceptiongroup-1.2.0-py3-none-any.whl", hash = "sha256:4bfd3996ac73b41e9b9628b04e079f193850720ea5945fc96a08633c66912f14"},
    {file = "exceptiongroup-1.2.0.tar.gz", hash = "sha256:91f5c769735f051a4290d52edd0858999b57e5876e9f85937691bd4c9fa3ed68"},
]

[package.extras]
test = ["pytest (>=6)"]

[[package]]
name = "h11"
version = "0.14.0"
description = "A pure-Python, bring-your-own-I/O implementation of HTTP/1.1"
optional = false
python-versions = ">=3.7"
files = [
    {file = "h11-0.14.0-py3-none-any.whl", hash = "sha256:e3fe4ac4b851c468cc8363d500db52c2ead036020723024a109d37346efaa761"},
    {file = "h11-0.14.0.tar.gz", hash = "sha256:8f19fbbe99e72420ff35c00b27a34cb9937e902a8b810e2c88300c6f0a3b699d"},
]

[[package]]
name = "httpcore"
version = "1.0.2"
description = "A minimal low-level HTTP client."
optional = false
python-versions = ">=3.8"
files = [
    {file = "httpcore-1.0.2-py3-none-any.whl", hash = "sha256:096cc05bca73b8e459a1fc3dcf585148f63e534eae4339559c9b8a8d6399acc7"},
    {file = "httpcore-1.0.2.tar.gz", hash = "sha256:9fc092e4799b26174648e54b74ed5f683132a464e95643b226e00c2ed2fa6535"},
]

[package.dependencies]
certifi = "*"
h11 = ">=0.13,<0.15"

[package.extras]
asyncio = ["anyio (>=4.0,<5.0)"]
http2 = ["h2 (>=3,<5)"]
socks = ["socksio (==1.*)"]
trio = ["trio (>=0.22.0,<0.23.0)"]

[[package]]
name = "httpx"
version = "0.25.2"
description = "The next generation HTTP client."
optional = false
python-versions = ">=3.8"
files = [
    {file = "httpx-0.25.2-py3-none-any.whl", hash = "sha256:a05d3d052d9b2dfce0e3896636467f8a5342fb2b902c819428e1ac65413ca118"},
    {file = "httpx-0.25.2.tar.gz", hash = "sha256:8b8fcaa0c8ea7b05edd69a094e63a2094c4efcb48129fb757361bc423c0ad9e8"},
]

[package.dependencies]
anyio = "*"
certifi = "*"
httpcore = "==1.*"
idna = "*"
sniffio = "*"

[package.extras]
brotli = ["brotli", "brotlicffi"]
cli = ["click (==8.*)", "pygments (==2.*)", "rich (>=10,<14)"]
http2 = ["h2 (>=3,<5)"]
socks = ["socksio (==1.*)"]

[[package]]
name = "idna"
version = "3.6"
description = "Internationalized Domain Names in Applications (IDNA)"
optional = false
python-versions = ">=3.5"
files = [
    {file = "idna-3.6-py3-none-any.whl", hash = "sha256:c05567e9c24a6b9faaa835c4821bad0590fbb9d5779e7caa6e1cc4978e7eb24f"},
    {file = "idna-3.6.tar.gz", hash = "sha256:9ecdbbd083b06798ae1e86adcbfe8ab1479cf864e4ee30fe4e46a003d12491ca"},
]

[[package]]
name = "python-box"
version = "7.1.1"
description = "Advanced Python dictionaries with dot notation access"
optional = false
python-versions = ">=3.8"
files = [
    {file = "python-box-7.1.1.tar.gz", hash = "sha256:2a3df244a5a79ac8f8447b5d11b5be0f2747d7b141cb2866060081ae9b53cc50"},
    {file = "python_box-7.1.1-cp310-cp310-macosx_11_0_x86_64.whl", hash = "sha256:81ed1ec0f0ff2370227fc07277c5baca46d190a4747631bad7eb6ab1630fb7d9"},
    {file = "python_box-7.1.1-cp310-cp310-manylinux_2_17_x86_64.manylinux2014_x86_64.whl", hash = "sha256:8891735b4148e84d348c6eadd2f127152f751c9603e35d43a1f496183a291ac4"},
    {file = "python_box-7.1.1-cp310-cp310-win_amd64.whl", hash = "sha256:0036fd47d388deaca8ebd65aea905f88ee6ef91d1d8ce34898b66f1824afbe80"},
    {file = "python_box-7.1.1-cp311-cp311-macosx_10_9_universal2.whl", hash = "sha256:aabf8b9ae5dbc8ba431d8cbe0d4cfe737a25d52d68b0f5f2ff34915c21a2c1db"},
    {file = "python_box-7.1.1-cp311-cp311-manylinux_2_17_x86_64.manylinux2014_x86_64.whl", hash = "sha256:c046608337e723ae4de3206db5d1e1202ed166da2dfdc70c1f9361e72ace5633"},
    {file = "python_box-7.1.1-cp311-cp311-win_amd64.whl", hash = "sha256:f9266795e9c233874fb5b34fa994054b4fb0371881678e6ec45aec17fc95feac"},
    {file = "python_box-7.1.1-cp38-cp38-macosx_11_0_x86_64.whl", hash = "sha256:f76b5b7f0cdc07bfdd4200dc24e6e33189bb2ae322137a2b7110fd41891a3157"},
    {file = "python_box-7.1.1-cp38-cp38-manylinux_2_17_x86_64.manylinux2014_x86_64.whl", hash = "sha256:4ea13c98e05a3ec0ff26f254986a17290b69b5ade209fad081fd628f8fcfaa08"},
    {file = "python_box-7.1.1-cp38-cp38-win_amd64.whl", hash = "sha256:1b3f346e332dba16df0b0543d319d9e7ce07d93e5ae152175302894352aa2d28"},
    {file = "python_box-7.1.1-cp39-cp39-macosx_11_0_x86_64.whl", hash = "sha256:24c4ec0ee0278f66321100aaa9c615413da27a14ff43d376a2a3b4665e1d9494"},
    {file = "python_box-7.1.1-cp39-cp39-manylinux_2_17_x86_64.manylinux2014_x86_64.whl", hash = "sha256:d95e5eec4fc8f3fc5c9cc7347fc2eb4f9187c853d34c90b1658d1eff96cd4eac"},
    {file = "python_box-7.1.1-cp39-cp39-win_amd64.whl", hash = "sha256:a0f1333c42e81529b6f68c192050df9d4505b803be7ac47f114036b98707f7cf"},
    {file = "python_box-7.1.1-py3-none-any.whl", hash = "sha256:63b609555554d7a9d4b6e725f8e78ef1717c67e7d386200e03422ad612338df8"},
]

[package.extras]
all = ["msgpack", "ruamel.yaml (>=0.17)", "toml"]
msgpack = ["msgpack"]
pyyaml = ["PyYAML"]
ruamel-yaml = ["ruamel.yaml (>=0.17)"]
toml = ["toml"]
tomli = ["tomli", "tomli-w"]
yaml = ["ruamel.yaml (>=0.17)"]

[[package]]
name = "pyyaml"
version = "6.0.1"
description = "YAML parser and emitter for Python"
optional = false
python-versions = ">=3.6"
files = [
    {file = "PyYAML-6.0.1-cp310-cp310-macosx_10_9_x86_64.whl", hash = "sha256:d858aa552c999bc8a8d57426ed01e40bef403cd8ccdd0fc5f6f04a00414cac2a"},
    {file = "PyYAML-6.0.1-cp310-cp310-macosx_11_0_arm64.whl", hash = "sha256:fd66fc5d0da6d9815ba2cebeb4205f95818ff4b79c3ebe268e75d961704af52f"},
    {file = "PyYAML-6.0.1-cp310-cp310-manylinux_2_17_aarch64.manylinux2014_aarch64.whl", hash = "sha256:69b023b2b4daa7548bcfbd4aa3da05b3a74b772db9e23b982788168117739938"},
    {file = "PyYAML-6.0.1-cp310-cp310-manylinux_2_17_s390x.manylinux2014_s390x.whl", hash = "sha256:81e0b275a9ecc9c0c0c07b4b90ba548307583c125f54d5b6946cfee6360c733d"},
    {file = "PyYAML-6.0.1-cp310-cp310-manylinux_2_17_x86_64.manylinux2014_x86_64.whl", hash = "sha256:ba336e390cd8e4d1739f42dfe9bb83a3cc2e80f567d8805e11b46f4a943f5515"},
    {file = "PyYAML-6.0.1-cp310-cp310-win32.whl", hash = "sha256:bd4af7373a854424dabd882decdc5579653d7868b8fb26dc7d0e99f823aa5924"},
    {file = "PyYAML-6.0.1-cp310-cp310-win_amd64.whl", hash = "sha256:fd1592b3fdf65fff2ad0004b5e363300ef59ced41c2e6b3a99d4089fa8c5435d"},
    {file = "PyYAML-6.0.1-cp311-cp311-macosx_10_9_x86_64.whl", hash = "sha256:6965a7bc3cf88e5a1c3bd2e0b5c22f8d677dc88a455344035f03399034eb3007"},
    {file = "PyYAML-6.0.1-cp311-cp311-macosx_11_0_arm64.whl", hash = "sha256:f003ed9ad21d6a4713f0a9b5a7a0a79e08dd0f221aff4525a2be4c346ee60aab"},
    {file = "PyYAML-6.0.1-cp311-cp311-manylinux_2_17_aarch64.manylinux2014_aarch64.whl", hash = "sha256:42f8152b8dbc4fe7d96729ec2b99c7097d656dc1213a3229ca5383f973a5ed6d"},
    {file = "PyYAML-6.0.1-cp311-cp311-manylinux_2_17_s390x.manylinux2014_s390x.whl", hash = "sha256:062582fca9fabdd2c8b54a3ef1c978d786e0f6b3a1510e0ac93ef59e0ddae2bc"},
    {file = "PyYAML-6.0.1-cp311-cp311-manylinux_2_17_x86_64.manylinux2014_x86_64.whl", hash = "sha256:d2b04aac4d386b172d5b9692e2d2da8de7bfb6c387fa4f801fbf6fb2e6ba4673"},
    {file = "PyYAML-6.0.1-cp311-cp311-win32.whl", hash = "sha256:1635fd110e8d85d55237ab316b5b011de701ea0f29d07611174a1b42f1444741"},
    {file = "PyYAML-6.0.1-cp311-cp311-win_amd64.whl", hash = "sha256:bf07ee2fef7014951eeb99f56f39c9bb4af143d8aa3c21b1677805985307da34"},
    {file = "PyYAML-6.0.1-cp36-cp36m-macosx_10_9_x86_64.whl", hash = "sha256:50550eb667afee136e9a77d6dc71ae76a44df8b3e51e41b77f6de2932bfe0f47"},
    {file = "PyYAML-6.0.1-cp36-cp36m-manylinux_2_17_aarch64.manylinux2014_aarch64.whl", hash = "sha256:1fe35611261b29bd1de0070f0b2f47cb6ff71fa6595c077e42bd0c419fa27b98"},
    {file = "PyYAML-6.0.1-cp36-cp36m-manylinux_2_17_s390x.manylinux2014_s390x.whl", hash = "sha256:704219a11b772aea0d8ecd7058d0082713c3562b4e271b849ad7dc4a5c90c13c"},
    {file = "PyYAML-6.0.1-cp36-cp36m-manylinux_2_17_x86_64.manylinux2014_x86_64.whl", hash = "sha256:afd7e57eddb1a54f0f1a974bc4391af8bcce0b444685d936840f125cf046d5bd"},
    {file = "PyYAML-6.0.1-cp36-cp36m-win32.whl", hash = "sha256:fca0e3a251908a499833aa292323f32437106001d436eca0e6e7833256674585"},
    {file = "PyYAML-6.0.1-cp36-cp36m-win_amd64.whl", hash = "sha256:f22ac1c3cac4dbc50079e965eba2c1058622631e526bd9afd45fedd49ba781fa"},
    {file = "PyYAML-6.0.1-cp37-cp37m-macosx_10_9_x86_64.whl", hash = "sha256:b1275ad35a5d18c62a7220633c913e1b42d44b46ee12554e5fd39c70a243d6a3"},
    {file = "PyYAML-6.0.1-cp37-cp37m-manylinux_2_17_aarch64.manylinux2014_aarch64.whl", hash = "sha256:18aeb1bf9a78867dc38b259769503436b7c72f7a1f1f4c93ff9a17de54319b27"},
    {file = "PyYAML-6.0.1-cp37-cp37m-manylinux_2_17_s390x.manylinux2014_s390x.whl", hash = "sha256:596106435fa6ad000c2991a98fa58eeb8656ef2325d7e158344fb33864ed87e3"},
    {file = "PyYAML-6.0.1-cp37-cp37m-manylinux_2_17_x86_64.manylinux2014_x86_64.whl", hash = "sha256:baa90d3f661d43131ca170712d903e6295d1f7a0f595074f151c0aed377c9b9c"},
    {file = "PyYAML-6.0.1-cp37-cp37m-win32.whl", hash = "sha256:9046c58c4395dff28dd494285c82ba00b546adfc7ef001486fbf0324bc174fba"},
    {file = "PyYAML-6.0.1-cp37-cp37m-win_amd64.whl", hash = "sha256:4fb147e7a67ef577a588a0e2c17b6db51dda102c71de36f8549b6816a96e1867"},
    {file = "PyYAML-6.0.1-cp38-cp38-macosx_10_9_x86_64.whl", hash = "sha256:1d4c7e777c441b20e32f52bd377e0c409713e8bb1386e1099c2415f26e479595"},
    {file = "PyYAML-6.0.1-cp38-cp38-manylinux_2_17_aarch64.manylinux2014_aarch64.whl", hash = "sha256:a0cd17c15d3bb3fa06978b4e8958dcdc6e0174ccea823003a106c7d4d7899ac5"},
    {file = "PyYAML-6.0.1-cp38-cp38-manylinux_2_17_s390x.manylinux2014_s390x.whl", hash = "sha256:28c119d996beec18c05208a8bd78cbe4007878c6dd15091efb73a30e90539696"},
    {file = "PyYAML-6.0.1-cp38-cp38-manylinux_2_17_x86_64.manylinux2014_x86_64.whl", hash = "sha256:7e07cbde391ba96ab58e532ff4803f79c4129397514e1413a7dc761ccd755735"},
    {file = "PyYAML-6.0.1-cp38-cp38-win32.whl", hash = "sha256:184c5108a2aca3c5b3d3bf9395d50893a7ab82a38004c8f61c258d4428e80206"},
    {file = "PyYAML-6.0.1-cp38-cp38-win_amd64.whl", hash = "sha256:1e2722cc9fbb45d9b87631ac70924c11d3a401b2d7f410cc0e3bbf249f2dca62"},
    {file = "PyYAML-6.0.1-cp39-cp39-macosx_10_9_x86_64.whl", hash = "sha256:9eb6caa9a297fc2c2fb8862bc5370d0303ddba53ba97e71f08023b6cd73d16a8"},
    {file = "PyYAML-6.0.1-cp39-cp39-macosx_11_0_arm64.whl", hash = "sha256:c8098ddcc2a85b61647b2590f825f3db38891662cfc2fc776415143f599bb859"},
    {file = "PyYAML-6.0.1-cp39-cp39-manylinux_2_17_aarch64.manylinux2014_aarch64.whl", hash = "sha256:5773183b6446b2c99bb77e77595dd486303b4faab2b086e7b17bc6bef28865f6"},
    {file = "PyYAML-6.0.1-cp39-cp39-manylinux_2_17_s390x.manylinux2014_s390x.whl", hash = "sha256:b786eecbdf8499b9ca1d697215862083bd6d2a99965554781d0d8d1ad31e13a0"},
    {file = "PyYAML-6.0.1-cp39-cp39-manylinux_2_17_x86_64.manylinux2014_x86_64.whl", hash = "sha256:bc1bf2925a1ecd43da378f4db9e4f799775d6367bdb94671027b73b393a7c42c"},
    {file = "PyYAML-6.0.1-cp39-cp39-win32.whl", hash = "sha256:faca3bdcf85b2fc05d06ff3fbc1f83e1391b3e724afa3feba7d13eeab355484c"},
    {file = "PyYAML-6.0.1-cp39-cp39-win_amd64.whl", hash = "sha256:510c9deebc5c0225e8c96813043e62b680ba2f9c50a08d3724c7f28a747d1486"},
    {file = "PyYAML-6.0.1.tar.gz", hash = "sha256:bfdf460b1736c775f2ba9f6a92bca30bc2095067b8a9d77876d1fad6cc3b4a43"},
]

[[package]]
name = "respx"
version = "0.20.2"
description = "A utility for mocking out the Python HTTPX and HTTP Core libraries."
optional = false
python-versions = ">=3.7"
files = [
    {file = "respx-0.20.2-py2.py3-none-any.whl", hash = "sha256:ab8e1cf6da28a5b2dd883ea617f8130f77f676736e6e9e4a25817ad116a172c9"},
    {file = "respx-0.20.2.tar.gz", hash = "sha256:07cf4108b1c88b82010f67d3c831dae33a375c7b436e54d87737c7f9f99be643"},
]

[package.dependencies]
httpx = ">=0.21.0"

[[package]]
name = "ruff"
version = "0.1.7"
description = "An extremely fast Python linter and code formatter, written in Rust."
optional = false
python-versions = ">=3.7"
files = [
    {file = "ruff-0.1.7-py3-none-macosx_10_12_x86_64.macosx_11_0_arm64.macosx_10_12_universal2.whl", hash = "sha256:7f80496854fdc65b6659c271d2c26e90d4d401e6a4a31908e7e334fab4645aac"},
    {file = "ruff-0.1.7-py3-none-macosx_10_12_x86_64.whl", hash = "sha256:1ea109bdb23c2a4413f397ebd8ac32cb498bee234d4191ae1a310af760e5d287"},
    {file = "ruff-0.1.7-py3-none-manylinux_2_17_aarch64.manylinux2014_aarch64.whl", hash = "sha256:8b0c2de9dd9daf5e07624c24add25c3a490dbf74b0e9bca4145c632457b3b42a"},
    {file = "ruff-0.1.7-py3-none-manylinux_2_17_armv7l.manylinux2014_armv7l.whl", hash = "sha256:69a4bed13bc1d5dabf3902522b5a2aadfebe28226c6269694283c3b0cecb45fd"},
    {file = "ruff-0.1.7-py3-none-manylinux_2_17_i686.manylinux2014_i686.whl", hash = "sha256:de02ca331f2143195a712983a57137c5ec0f10acc4aa81f7c1f86519e52b92a1"},
    {file = "ruff-0.1.7-py3-none-manylinux_2_17_ppc64.manylinux2014_ppc64.whl", hash = "sha256:45b38c3f8788a65e6a2cab02e0f7adfa88872696839d9882c13b7e2f35d64c5f"},
    {file = "ruff-0.1.7-py3-none-manylinux_2_17_ppc64le.manylinux2014_ppc64le.whl", hash = "sha256:6c64cb67b2025b1ac6d58e5ffca8f7b3f7fd921f35e78198411237e4f0db8e73"},
    {file = "ruff-0.1.7-py3-none-manylinux_2_17_s390x.manylinux2014_s390x.whl", hash = "sha256:9dcc6bb2f4df59cb5b4b40ff14be7d57012179d69c6565c1da0d1f013d29951b"},
    {file = "ruff-0.1.7-py3-none-manylinux_2_17_x86_64.manylinux2014_x86_64.whl", hash = "sha256:df2bb4bb6bbe921f6b4f5b6fdd8d8468c940731cb9406f274ae8c5ed7a78c478"},
    {file = "ruff-0.1.7-py3-none-musllinux_1_2_aarch64.whl", hash = "sha256:276a89bcb149b3d8c1b11d91aa81898fe698900ed553a08129b38d9d6570e717"},
    {file = "ruff-0.1.7-py3-none-musllinux_1_2_armv7l.whl", hash = "sha256:90c958fe950735041f1c80d21b42184f1072cc3975d05e736e8d66fc377119ea"},
    {file = "ruff-0.1.7-py3-none-musllinux_1_2_i686.whl", hash = "sha256:6b05e3b123f93bb4146a761b7a7d57af8cb7384ccb2502d29d736eaade0db519"},
    {file = "ruff-0.1.7-py3-none-musllinux_1_2_x86_64.whl", hash = "sha256:290ecab680dce94affebefe0bbca2322a6277e83d4f29234627e0f8f6b4fa9ce"},
    {file = "ruff-0.1.7-py3-none-win32.whl", hash = "sha256:416dfd0bd45d1a2baa3b1b07b1b9758e7d993c256d3e51dc6e03a5e7901c7d80"},
    {file = "ruff-0.1.7-py3-none-win_amd64.whl", hash = "sha256:4af95fd1d3b001fc41325064336db36e3d27d2004cdb6d21fd617d45a172dd96"},
    {file = "ruff-0.1.7-py3-none-win_arm64.whl", hash = "sha256:0683b7bfbb95e6df3c7c04fe9d78f631f8e8ba4868dfc932d43d690698057e2e"},
    {file = "ruff-0.1.7.tar.gz", hash = "sha256:dffd699d07abf54833e5f6cc50b85a6ff043715da8788c4a79bcd4ab4734d306"},
]

[[package]]
name = "six"
version = "1.16.0"
description = "Python 2 and 3 compatibility utilities"
optional = false
python-versions = ">=2.7, !=3.0.*, !=3.1.*, !=3.2.*"
files = [
    {file = "six-1.16.0-py2.py3-none-any.whl", hash = "sha256:8abb2f1d86890a2dfb989f9a77cfcfd3e47c2a354b01111771326f8aa26e0254"},
    {file = "six-1.16.0.tar.gz", hash = "sha256:1e61c37477a1626458e36f7b1d82aa5c9b094fa4802892072e49de9c60c4c926"},
]

[[package]]
name = "sniffio"
version = "1.3.0"
description = "Sniff out which async library your code is running under"
optional = false
python-versions = ">=3.7"
files = [
    {file = "sniffio-1.3.0-py3-none-any.whl", hash = "sha256:eecefdce1e5bbfb7ad2eeaabf7c1eeb404d7757c379bd1f7e5cce9d8bf425384"},
    {file = "sniffio-1.3.0.tar.gz", hash = "sha256:e60305c5e5d314f5389259b7f22aaa33d8f7dee49763119234af3755c55b9101"},
]

[[package]]
name = "typegraph"
version = "0.3.0"
description = "Declarative API development platform. Build serverless backends with zero-trust and less code, no matter where and how your (legacy) systems are."
optional = false
python-versions = ">=3.8,<4.0"
files = []
develop = true

[package.dependencies]
astunparse = "^1.6.3"
python-box = "^7.1.1"
typing-extensions = "^4.8.0"
wasmtime = "^13.0.2"

[package.source]
type = "directory"
url = "typegraph/python"

[[package]]
name = "typing-extensions"
version = "4.8.0"
description = "Backported and Experimental Type Hints for Python 3.8+"
optional = false
python-versions = ">=3.8"
files = [
    {file = "typing_extensions-4.8.0-py3-none-any.whl", hash = "sha256:8f92fc8806f9a6b641eaa5318da32b44d401efaac0f6678c9bc448ba3605faa0"},
    {file = "typing_extensions-4.8.0.tar.gz", hash = "sha256:df8e4339e9cb77357558cbdbceca33c303714cf861d1eef15e1070055ae8b7ef"},
]

[[package]]
name = "wasmtime"
version = "13.0.2"
description = "A WebAssembly runtime powered by Wasmtime"
optional = false
python-versions = ">=3.8"
files = [
    {file = "wasmtime-13.0.2-py3-none-any.whl", hash = "sha256:0a40208bad7dda88475f74a9c3d6e029f24efbd5cf66e319ce0ea0c82a8c1daf"},
    {file = "wasmtime-13.0.2-py3-none-macosx_10_13_x86_64.whl", hash = "sha256:31978efdd5fe9e314e18650b8e8236791931beff0b2bfd901a369c7e99d9f5fb"},
    {file = "wasmtime-13.0.2-py3-none-macosx_11_0_arm64.whl", hash = "sha256:0f05a94cfe4db40c51352f7a6f9e66ada3d0b7505740c44fee7ad63e3d737e0d"},
    {file = "wasmtime-13.0.2-py3-none-manylinux1_x86_64.whl", hash = "sha256:de4b2e498aeb8f2926e2bc1c25de32c1cac980f095ca9877510d1c2fd6c75543"},
    {file = "wasmtime-13.0.2-py3-none-manylinux2014_aarch64.whl", hash = "sha256:454322592f7eecac42f9ff50ea87b4efc0d4c2cc7c7d13d4c15a092adcfeb916"},
    {file = "wasmtime-13.0.2-py3-none-win_amd64.whl", hash = "sha256:8aa90461e87cff1d8700e71e37c01598ae67911ae9349aeb9aede79435fb95a2"},
]

[package.extras]
testing = ["coverage", "flake8 (==4.0.1)", "pycparser", "pytest", "pytest-flake8", "pytest-mypy"]

[[package]]
name = "wheel"
version = "0.42.0"
description = "A built-package format for Python"
optional = false
python-versions = ">=3.7"
files = [
    {file = "wheel-0.42.0-py3-none-any.whl", hash = "sha256:177f9c9b0d45c47873b619f5b650346d632cdc35fb5e4d25058e09c9e581433d"},
    {file = "wheel-0.42.0.tar.gz", hash = "sha256:c45be39f7882c9d34243236f2d63cbd58039e360f85d0913425fbd7ceea617a8"},
]

[package.extras]
test = ["pytest (>=6.0.0)", "setuptools (>=65)"]

[metadata]
lock-version = "2.0"
python-versions = ">=3.8,<4.0"
content-hash = "887e38a033708bf609c910041edb6a92de0ea972c5bafa74d154c741e3ac9a88"
