# This file is automatically @generated by Poetry 1.7.0 and should not be changed by hand.

[[package]]
name = "anyio"
version = "4.0.0"
description = "High level compatibility layer for multiple asynchronous event loop implementations"
optional = false
python-versions = ">=3.8"
files = [
    {file = "anyio-4.0.0-py3-none-any.whl", hash = "sha256:cfdb2b588b9fc25ede96d8db56ed50848b0b649dca3dd1df0b11f683bb9e0b5f"},
    {file = "anyio-4.0.0.tar.gz", hash = "sha256:f7ed51751b2c2add651e5747c891b47e26d2a21be5d32d9311dfe9692f3e5d7a"},
]

[package.dependencies]
exceptiongroup = {version = ">=1.0.2", markers = "python_version < \"3.11\""}
idna = ">=2.8"
sniffio = ">=1.1"

[package.extras]
doc = ["Sphinx (>=7)", "packaging", "sphinx-autodoc-typehints (>=1.2.0)"]
test = ["anyio[trio]", "coverage[toml] (>=7)", "hypothesis (>=4.0)", "psutil (>=5.9)", "pytest (>=7.0)", "pytest-mock (>=3.6.1)", "trustme", "uvloop (>=0.17)"]
trio = ["trio (>=0.22)"]

[[package]]
name = "astunparse"
version = "1.6.3"
description = "An AST unparser for Python"
optional = false
python-versions = "*"
files = [
    {file = "astunparse-1.6.3-py2.py3-none-any.whl", hash = "sha256:c2652417f2c8b5bb325c885ae329bdf3f86424075c4fd1a128674bc6fba4b8e8"},
    {file = "astunparse-1.6.3.tar.gz", hash = "sha256:5ad93a8456f0d084c3456d059fd9a92cce667963232cbf763eac3bc5b7940872"},
]

[package.dependencies]
six = ">=1.6.1,<2.0"
wheel = ">=0.23.0,<1.0"

[[package]]
name = "black"
version = "23.10.1"
description = "The uncompromising code formatter."
optional = false
python-versions = ">=3.8"
files = [
    {file = "black-23.10.1-cp310-cp310-macosx_10_16_arm64.whl", hash = "sha256:ec3f8e6234c4e46ff9e16d9ae96f4ef69fa328bb4ad08198c8cee45bb1f08c69"},
    {file = "black-23.10.1-cp310-cp310-macosx_10_16_x86_64.whl", hash = "sha256:1b917a2aa020ca600483a7b340c165970b26e9029067f019e3755b56e8dd5916"},
    {file = "black-23.10.1-cp310-cp310-manylinux_2_17_x86_64.manylinux2014_x86_64.whl", hash = "sha256:9c74de4c77b849e6359c6f01987e94873c707098322b91490d24296f66d067dc"},
    {file = "black-23.10.1-cp310-cp310-win_amd64.whl", hash = "sha256:7b4d10b0f016616a0d93d24a448100adf1699712fb7a4efd0e2c32bbb219b173"},
    {file = "black-23.10.1-cp311-cp311-macosx_10_16_arm64.whl", hash = "sha256:b15b75fc53a2fbcac8a87d3e20f69874d161beef13954747e053bca7a1ce53a0"},
    {file = "black-23.10.1-cp311-cp311-macosx_10_16_x86_64.whl", hash = "sha256:e293e4c2f4a992b980032bbd62df07c1bcff82d6964d6c9496f2cd726e246ace"},
    {file = "black-23.10.1-cp311-cp311-manylinux_2_17_x86_64.manylinux2014_x86_64.whl", hash = "sha256:7d56124b7a61d092cb52cce34182a5280e160e6aff3137172a68c2c2c4b76bcb"},
    {file = "black-23.10.1-cp311-cp311-win_amd64.whl", hash = "sha256:3f157a8945a7b2d424da3335f7ace89c14a3b0625e6593d21139c2d8214d55ce"},
    {file = "black-23.10.1-cp38-cp38-macosx_10_16_arm64.whl", hash = "sha256:cfcce6f0a384d0da692119f2d72d79ed07c7159879d0bb1bb32d2e443382bf3a"},
    {file = "black-23.10.1-cp38-cp38-macosx_10_16_x86_64.whl", hash = "sha256:33d40f5b06be80c1bbce17b173cda17994fbad096ce60eb22054da021bf933d1"},
    {file = "black-23.10.1-cp38-cp38-manylinux_2_17_x86_64.manylinux2014_x86_64.whl", hash = "sha256:840015166dbdfbc47992871325799fd2dc0dcf9395e401ada6d88fe11498abad"},
    {file = "black-23.10.1-cp38-cp38-win_amd64.whl", hash = "sha256:037e9b4664cafda5f025a1728c50a9e9aedb99a759c89f760bd83730e76ba884"},
    {file = "black-23.10.1-cp39-cp39-macosx_10_16_arm64.whl", hash = "sha256:7cb5936e686e782fddb1c73f8aa6f459e1ad38a6a7b0e54b403f1f05a1507ee9"},
    {file = "black-23.10.1-cp39-cp39-macosx_10_16_x86_64.whl", hash = "sha256:7670242e90dc129c539e9ca17665e39a146a761e681805c54fbd86015c7c84f7"},
    {file = "black-23.10.1-cp39-cp39-manylinux_2_17_x86_64.manylinux2014_x86_64.whl", hash = "sha256:5ed45ac9a613fb52dad3b61c8dea2ec9510bf3108d4db88422bacc7d1ba1243d"},
    {file = "black-23.10.1-cp39-cp39-win_amd64.whl", hash = "sha256:6d23d7822140e3fef190734216cefb262521789367fbdc0b3f22af6744058982"},
    {file = "black-23.10.1-py3-none-any.whl", hash = "sha256:d431e6739f727bb2e0495df64a6c7a5310758e87505f5f8cde9ff6c0f2d7e4fe"},
    {file = "black-23.10.1.tar.gz", hash = "sha256:1f8ce316753428ff68749c65a5f7844631aa18c8679dfd3ca9dc1a289979c258"},
]

[package.dependencies]
click = ">=8.0.0"
mypy-extensions = ">=0.4.3"
packaging = ">=22.0"
pathspec = ">=0.9.0"
platformdirs = ">=2"
tomli = {version = ">=1.1.0", markers = "python_version < \"3.11\""}
typing-extensions = {version = ">=4.0.1", markers = "python_version < \"3.11\""}

[package.extras]
colorama = ["colorama (>=0.4.3)"]
d = ["aiohttp (>=3.7.4)"]
jupyter = ["ipython (>=7.8.0)", "tokenize-rt (>=3.2.0)"]
uvloop = ["uvloop (>=0.15.2)"]

[[package]]
name = "certifi"
version = "2023.7.22"
description = "Python package for providing Mozilla's CA Bundle."
optional = false
python-versions = ">=3.6"
files = [
    {file = "certifi-2023.7.22-py3-none-any.whl", hash = "sha256:92d6037539857d8206b8f6ae472e8b77db8058fec5937a1ef3f54304089edbb9"},
    {file = "certifi-2023.7.22.tar.gz", hash = "sha256:539cc1d13202e33ca466e88b2807e29f4c13049d6d87031a3c110744495cb082"},
]

[[package]]
name = "click"
version = "8.1.7"
description = "Composable command line interface toolkit"
optional = false
python-versions = ">=3.7"
files = [
    {file = "click-8.1.7-py3-none-any.whl", hash = "sha256:ae74fb96c20a0277a1d615f1e4d73c8414f5a98db8b799a7931d1582f3390c28"},
    {file = "click-8.1.7.tar.gz", hash = "sha256:ca9853ad459e787e2192211578cc907e7594e294c7ccc834310722b41b9ca6de"},
]

[package.dependencies]
colorama = {version = "*", markers = "platform_system == \"Windows\""}

[[package]]
name = "colorama"
version = "0.4.6"
description = "Cross-platform colored terminal text."
optional = false
python-versions = "!=3.0.*,!=3.1.*,!=3.2.*,!=3.3.*,!=3.4.*,!=3.5.*,!=3.6.*,>=2.7"
files = [
    {file = "colorama-0.4.6-py2.py3-none-any.whl", hash = "sha256:4f1d9991f5acc0ca119f9d443620b77f9d6b33703e51011c16baf57afb285fc6"},
    {file = "colorama-0.4.6.tar.gz", hash = "sha256:08695f5cb7ed6e0531a20572697297273c47b8cae5a63ffc6d6ed5c201be6e44"},
]

[[package]]
name = "exceptiongroup"
version = "1.1.3"
description = "Backport of PEP 654 (exception groups)"
optional = false
python-versions = ">=3.7"
files = [
    {file = "exceptiongroup-1.1.3-py3-none-any.whl", hash = "sha256:343280667a4585d195ca1cf9cef84a4e178c4b6cf2274caef9859782b567d5e3"},
    {file = "exceptiongroup-1.1.3.tar.gz", hash = "sha256:097acd85d473d75af5bb98e41b61ff7fe35efe6675e4f9370ec6ec5126d160e9"},
]

[package.extras]
test = ["pytest (>=6)"]

[[package]]
name = "h11"
version = "0.14.0"
description = "A pure-Python, bring-your-own-I/O implementation of HTTP/1.1"
optional = false
python-versions = ">=3.7"
files = [
    {file = "h11-0.14.0-py3-none-any.whl", hash = "sha256:e3fe4ac4b851c468cc8363d500db52c2ead036020723024a109d37346efaa761"},
    {file = "h11-0.14.0.tar.gz", hash = "sha256:8f19fbbe99e72420ff35c00b27a34cb9937e902a8b810e2c88300c6f0a3b699d"},
]

[[package]]
name = "httpcore"
version = "1.0.1"
description = "A minimal low-level HTTP client."
optional = false
python-versions = ">=3.8"
files = [
    {file = "httpcore-1.0.1-py3-none-any.whl", hash = "sha256:c5e97ef177dca2023d0b9aad98e49507ef5423e9f1d94ffe2cfe250aa28e63b0"},
    {file = "httpcore-1.0.1.tar.gz", hash = "sha256:fce1ddf9b606cfb98132ab58865c3728c52c8e4c3c46e2aabb3674464a186e92"},
]

[package.dependencies]
certifi = "*"
h11 = ">=0.13,<0.15"

[package.extras]
asyncio = ["anyio (>=4.0,<5.0)"]
http2 = ["h2 (>=3,<5)"]
socks = ["socksio (==1.*)"]
trio = ["trio (>=0.22.0,<0.23.0)"]

[[package]]
name = "httpx"
version = "0.25.1"
description = "The next generation HTTP client."
optional = false
python-versions = ">=3.8"
files = [
    {file = "httpx-0.25.1-py3-none-any.whl", hash = "sha256:fec7d6cc5c27c578a391f7e87b9aa7d3d8fbcd034f6399f9f79b45bcc12a866a"},
    {file = "httpx-0.25.1.tar.gz", hash = "sha256:ffd96d5cf901e63863d9f1b4b6807861dbea4d301613415d9e6e57ead15fc5d0"},
]

[package.dependencies]
anyio = "*"
certifi = "*"
httpcore = "*"
idna = "*"
sniffio = "*"

[package.extras]
brotli = ["brotli", "brotlicffi"]
cli = ["click (==8.*)", "pygments (==2.*)", "rich (>=10,<14)"]
http2 = ["h2 (>=3,<5)"]
socks = ["socksio (==1.*)"]

[[package]]
name = "idna"
version = "3.4"
description = "Internationalized Domain Names in Applications (IDNA)"
optional = false
python-versions = ">=3.5"
files = [
    {file = "idna-3.4-py3-none-any.whl", hash = "sha256:90b77e79eaa3eba6de819a0c442c0b4ceefc341a7a2ab77d7562bf49f425c5c2"},
    {file = "idna-3.4.tar.gz", hash = "sha256:814f528e8dead7d329833b91c5faa87d60bf71824cd12a7530b5526063d02cb4"},
]

[[package]]
name = "mypy-extensions"
version = "1.0.0"
description = "Type system extensions for programs checked with the mypy type checker."
optional = false
python-versions = ">=3.5"
files = [
    {file = "mypy_extensions-1.0.0-py3-none-any.whl", hash = "sha256:4392f6c0eb8a5668a69e23d168ffa70f0be9ccfd32b5cc2d26a34ae5b844552d"},
    {file = "mypy_extensions-1.0.0.tar.gz", hash = "sha256:75dbf8955dc00442a438fc4d0666508a9a97b6bd41aa2f0ffe9d2f2725af0782"},
]

[[package]]
name = "packaging"
version = "23.2"
description = "Core utilities for Python packages"
optional = false
python-versions = ">=3.7"
files = [
    {file = "packaging-23.2-py3-none-any.whl", hash = "sha256:8c491190033a9af7e1d931d0b5dacc2ef47509b34dd0de67ed209b5203fc88c7"},
    {file = "packaging-23.2.tar.gz", hash = "sha256:048fb0e9405036518eaaf48a55953c750c11e1a1b68e0dd1a9d62ed0c092cfc5"},
]

[[package]]
name = "pathspec"
version = "0.11.2"
description = "Utility library for gitignore style pattern matching of file paths."
optional = false
python-versions = ">=3.7"
files = [
    {file = "pathspec-0.11.2-py3-none-any.whl", hash = "sha256:1d6ed233af05e679efb96b1851550ea95bbb64b7c490b0f5aa52996c11e92a20"},
    {file = "pathspec-0.11.2.tar.gz", hash = "sha256:e0d8d0ac2f12da61956eb2306b69f9469b42f4deb0f3cb6ed47b9cce9996ced3"},
]

[[package]]
name = "platformdirs"
version = "3.11.0"
description = "A small Python package for determining appropriate platform-specific dirs, e.g. a \"user data dir\"."
optional = false
python-versions = ">=3.7"
files = [
    {file = "platformdirs-3.11.0-py3-none-any.whl", hash = "sha256:e9d171d00af68be50e9202731309c4e658fd8bc76f55c11c7dd760d023bda68e"},
    {file = "platformdirs-3.11.0.tar.gz", hash = "sha256:cf8ee52a3afdb965072dcc652433e0c7e3e40cf5ea1477cd4b3b1d2eb75495b3"},
]

[package.extras]
docs = ["furo (>=2023.7.26)", "proselint (>=0.13)", "sphinx (>=7.1.1)", "sphinx-autodoc-typehints (>=1.24)"]
test = ["appdirs (==1.4.4)", "covdefaults (>=2.3)", "pytest (>=7.4)", "pytest-cov (>=4.1)", "pytest-mock (>=3.11.1)"]

[[package]]
name = "python-box"
version = "7.1.1"
description = "Advanced Python dictionaries with dot notation access"
optional = false
python-versions = ">=3.8"
files = [
    {file = "python-box-7.1.1.tar.gz", hash = "sha256:2a3df244a5a79ac8f8447b5d11b5be0f2747d7b141cb2866060081ae9b53cc50"},
    {file = "python_box-7.1.1-cp310-cp310-macosx_11_0_x86_64.whl", hash = "sha256:81ed1ec0f0ff2370227fc07277c5baca46d190a4747631bad7eb6ab1630fb7d9"},
    {file = "python_box-7.1.1-cp310-cp310-manylinux_2_17_x86_64.manylinux2014_x86_64.whl", hash = "sha256:8891735b4148e84d348c6eadd2f127152f751c9603e35d43a1f496183a291ac4"},
    {file = "python_box-7.1.1-cp310-cp310-win_amd64.whl", hash = "sha256:0036fd47d388deaca8ebd65aea905f88ee6ef91d1d8ce34898b66f1824afbe80"},
    {file = "python_box-7.1.1-cp311-cp311-macosx_10_9_universal2.whl", hash = "sha256:aabf8b9ae5dbc8ba431d8cbe0d4cfe737a25d52d68b0f5f2ff34915c21a2c1db"},
    {file = "python_box-7.1.1-cp311-cp311-manylinux_2_17_x86_64.manylinux2014_x86_64.whl", hash = "sha256:c046608337e723ae4de3206db5d1e1202ed166da2dfdc70c1f9361e72ace5633"},
    {file = "python_box-7.1.1-cp311-cp311-win_amd64.whl", hash = "sha256:f9266795e9c233874fb5b34fa994054b4fb0371881678e6ec45aec17fc95feac"},
    {file = "python_box-7.1.1-cp38-cp38-macosx_11_0_x86_64.whl", hash = "sha256:f76b5b7f0cdc07bfdd4200dc24e6e33189bb2ae322137a2b7110fd41891a3157"},
    {file = "python_box-7.1.1-cp38-cp38-manylinux_2_17_x86_64.manylinux2014_x86_64.whl", hash = "sha256:4ea13c98e05a3ec0ff26f254986a17290b69b5ade209fad081fd628f8fcfaa08"},
    {file = "python_box-7.1.1-cp38-cp38-win_amd64.whl", hash = "sha256:1b3f346e332dba16df0b0543d319d9e7ce07d93e5ae152175302894352aa2d28"},
    {file = "python_box-7.1.1-cp39-cp39-macosx_11_0_x86_64.whl", hash = "sha256:24c4ec0ee0278f66321100aaa9c615413da27a14ff43d376a2a3b4665e1d9494"},
    {file = "python_box-7.1.1-cp39-cp39-manylinux_2_17_x86_64.manylinux2014_x86_64.whl", hash = "sha256:d95e5eec4fc8f3fc5c9cc7347fc2eb4f9187c853d34c90b1658d1eff96cd4eac"},
    {file = "python_box-7.1.1-cp39-cp39-win_amd64.whl", hash = "sha256:a0f1333c42e81529b6f68c192050df9d4505b803be7ac47f114036b98707f7cf"},
    {file = "python_box-7.1.1-py3-none-any.whl", hash = "sha256:63b609555554d7a9d4b6e725f8e78ef1717c67e7d386200e03422ad612338df8"},
]

[package.extras]
all = ["msgpack", "ruamel.yaml (>=0.17)", "toml"]
msgpack = ["msgpack"]
pyyaml = ["PyYAML"]
ruamel-yaml = ["ruamel.yaml (>=0.17)"]
toml = ["toml"]
tomli = ["tomli", "tomli-w"]
yaml = ["ruamel.yaml (>=0.17)"]

[[package]]
name = "respx"
version = "0.20.2"
description = "A utility for mocking out the Python HTTPX and HTTP Core libraries."
optional = false
python-versions = ">=3.7"
files = [
    {file = "respx-0.20.2-py2.py3-none-any.whl", hash = "sha256:ab8e1cf6da28a5b2dd883ea617f8130f77f676736e6e9e4a25817ad116a172c9"},
    {file = "respx-0.20.2.tar.gz", hash = "sha256:07cf4108b1c88b82010f67d3c831dae33a375c7b436e54d87737c7f9f99be643"},
]

[package.dependencies]
httpx = ">=0.21.0"

[[package]]
name = "ruff"
version = "0.1.4"
description = "An extremely fast Python linter and code formatter, written in Rust."
optional = false
python-versions = ">=3.7"
files = [
    {file = "ruff-0.1.4-py3-none-macosx_10_7_x86_64.whl", hash = "sha256:864958706b669cce31d629902175138ad8a069d99ca53514611521f532d91495"},
    {file = "ruff-0.1.4-py3-none-macosx_10_9_x86_64.macosx_11_0_arm64.macosx_10_9_universal2.whl", hash = "sha256:9fdd61883bb34317c788af87f4cd75dfee3a73f5ded714b77ba928e418d6e39e"},
    {file = "ruff-0.1.4-py3-none-manylinux_2_17_aarch64.manylinux2014_aarch64.whl", hash = "sha256:b4eaca8c9cc39aa7f0f0d7b8fe24ecb51232d1bb620fc4441a61161be4a17539"},
    {file = "ruff-0.1.4-py3-none-manylinux_2_17_armv7l.manylinux2014_armv7l.whl", hash = "sha256:a9a1301dc43cbf633fb603242bccd0aaa34834750a14a4c1817e2e5c8d60de17"},
    {file = "ruff-0.1.4-py3-none-manylinux_2_17_i686.manylinux2014_i686.whl", hash = "sha256:78e8db8ab6f100f02e28b3d713270c857d370b8d61871d5c7d1702ae411df683"},
    {file = "ruff-0.1.4-py3-none-manylinux_2_17_ppc64.manylinux2014_ppc64.whl", hash = "sha256:80fea754eaae06335784b8ea053d6eb8e9aac75359ebddd6fee0858e87c8d510"},
    {file = "ruff-0.1.4-py3-none-manylinux_2_17_ppc64le.manylinux2014_ppc64le.whl", hash = "sha256:6bc02a480d4bfffd163a723698da15d1a9aec2fced4c06f2a753f87f4ce6969c"},
    {file = "ruff-0.1.4-py3-none-manylinux_2_17_s390x.manylinux2014_s390x.whl", hash = "sha256:9862811b403063765b03e716dac0fda8fdbe78b675cd947ed5873506448acea4"},
    {file = "ruff-0.1.4-py3-none-manylinux_2_17_x86_64.manylinux2014_x86_64.whl", hash = "sha256:58826efb8b3efbb59bb306f4b19640b7e366967a31c049d49311d9eb3a4c60cb"},
    {file = "ruff-0.1.4-py3-none-musllinux_1_2_aarch64.whl", hash = "sha256:fdfd453fc91d9d86d6aaa33b1bafa69d114cf7421057868f0b79104079d3e66e"},
    {file = "ruff-0.1.4-py3-none-musllinux_1_2_armv7l.whl", hash = "sha256:e8791482d508bd0b36c76481ad3117987301b86072158bdb69d796503e1c84a8"},
    {file = "ruff-0.1.4-py3-none-musllinux_1_2_i686.whl", hash = "sha256:01206e361021426e3c1b7fba06ddcb20dbc5037d64f6841e5f2b21084dc51800"},
    {file = "ruff-0.1.4-py3-none-musllinux_1_2_x86_64.whl", hash = "sha256:645591a613a42cb7e5c2b667cbefd3877b21e0252b59272ba7212c3d35a5819f"},
    {file = "ruff-0.1.4-py3-none-win32.whl", hash = "sha256:99908ca2b3b85bffe7e1414275d004917d1e0dfc99d497ccd2ecd19ad115fd0d"},
    {file = "ruff-0.1.4-py3-none-win_amd64.whl", hash = "sha256:1dfd6bf8f6ad0a4ac99333f437e0ec168989adc5d837ecd38ddb2cc4a2e3db8a"},
    {file = "ruff-0.1.4-py3-none-win_arm64.whl", hash = "sha256:d98ae9ebf56444e18a3e3652b3383204748f73e247dea6caaf8b52d37e6b32da"},
    {file = "ruff-0.1.4.tar.gz", hash = "sha256:21520ecca4cc555162068d87c747b8f95e1e95f8ecfcbbe59e8dd00710586315"},
]

[[package]]
name = "six"
version = "1.16.0"
description = "Python 2 and 3 compatibility utilities"
optional = false
python-versions = ">=2.7, !=3.0.*, !=3.1.*, !=3.2.*"
files = [
    {file = "six-1.16.0-py2.py3-none-any.whl", hash = "sha256:8abb2f1d86890a2dfb989f9a77cfcfd3e47c2a354b01111771326f8aa26e0254"},
    {file = "six-1.16.0.tar.gz", hash = "sha256:1e61c37477a1626458e36f7b1d82aa5c9b094fa4802892072e49de9c60c4c926"},
]

[[package]]
name = "sniffio"
version = "1.3.0"
description = "Sniff out which async library your code is running under"
optional = false
python-versions = ">=3.7"
files = [
    {file = "sniffio-1.3.0-py3-none-any.whl", hash = "sha256:eecefdce1e5bbfb7ad2eeaabf7c1eeb404d7757c379bd1f7e5cce9d8bf425384"},
    {file = "sniffio-1.3.0.tar.gz", hash = "sha256:e60305c5e5d314f5389259b7f22aaa33d8f7dee49763119234af3755c55b9101"},
]

[[package]]
name = "tomli"
version = "2.0.1"
description = "A lil' TOML parser"
optional = false
python-versions = ">=3.7"
files = [
    {file = "tomli-2.0.1-py3-none-any.whl", hash = "sha256:939de3e7a6161af0c887ef91b7d41a53e7c5a1ca976325f429cb46ea9bc30ecc"},
    {file = "tomli-2.0.1.tar.gz", hash = "sha256:de526c12914f0c550d15924c62d72abc48d6fe7364aa87328337a31007fe8a4f"},
]

[[package]]
name = "typegraph"
version = "0.2.5-0+dev"
description = "Declarative API development platform. Build serverless backends with zero-trust and less code, no matter where and how your (legacy) systems are."
optional = false
python-versions = ">=3.8,<4.0"
files = []
develop = true

[package.dependencies]
astunparse = "^1.6.3"
python-box = "^7.1.1"
typing-extensions = "^4.8.0"
wasmtime = "^13.0.2"

[package.source]
type = "directory"
url = "typegraph/python"

[[package]]
name = "typing-extensions"
version = "4.8.0"
description = "Backported and Experimental Type Hints for Python 3.8+"
optional = false
python-versions = ">=3.8"
files = [
    {file = "typing_extensions-4.8.0-py3-none-any.whl", hash = "sha256:8f92fc8806f9a6b641eaa5318da32b44d401efaac0f6678c9bc448ba3605faa0"},
    {file = "typing_extensions-4.8.0.tar.gz", hash = "sha256:df8e4339e9cb77357558cbdbceca33c303714cf861d1eef15e1070055ae8b7ef"},
]

[[package]]
name = "wasmtime"
version = "13.0.2"
description = "A WebAssembly runtime powered by Wasmtime"
optional = false
python-versions = ">=3.8"
files = [
    {file = "wasmtime-13.0.2-py3-none-any.whl", hash = "sha256:0a40208bad7dda88475f74a9c3d6e029f24efbd5cf66e319ce0ea0c82a8c1daf"},
    {file = "wasmtime-13.0.2-py3-none-macosx_10_13_x86_64.whl", hash = "sha256:31978efdd5fe9e314e18650b8e8236791931beff0b2bfd901a369c7e99d9f5fb"},
    {file = "wasmtime-13.0.2-py3-none-macosx_11_0_arm64.whl", hash = "sha256:0f05a94cfe4db40c51352f7a6f9e66ada3d0b7505740c44fee7ad63e3d737e0d"},
    {file = "wasmtime-13.0.2-py3-none-manylinux1_x86_64.whl", hash = "sha256:de4b2e498aeb8f2926e2bc1c25de32c1cac980f095ca9877510d1c2fd6c75543"},
    {file = "wasmtime-13.0.2-py3-none-manylinux2014_aarch64.whl", hash = "sha256:454322592f7eecac42f9ff50ea87b4efc0d4c2cc7c7d13d4c15a092adcfeb916"},
    {file = "wasmtime-13.0.2-py3-none-win_amd64.whl", hash = "sha256:8aa90461e87cff1d8700e71e37c01598ae67911ae9349aeb9aede79435fb95a2"},
]

[package.extras]
testing = ["coverage", "flake8 (==4.0.1)", "pycparser", "pytest", "pytest-flake8", "pytest-mypy"]

[[package]]
name = "wheel"
version = "0.41.3"
description = "A built-package format for Python"
optional = false
python-versions = ">=3.7"
files = [
    {file = "wheel-0.41.3-py3-none-any.whl", hash = "sha256:488609bc63a29322326e05560731bf7bfea8e48ad646e1f5e40d366607de0942"},
    {file = "wheel-0.41.3.tar.gz", hash = "sha256:4d4987ce51a49370ea65c0bfd2234e8ce80a12780820d9dc462597a6e60d0841"},
]

[package.extras]
test = ["pytest (>=6.0.0)", "setuptools (>=65)"]

[metadata]
lock-version = "2.0"
python-versions = ">=3.8,<4.0"
content-hash = "15d1fa6a33fcb50f9c14d31906ef1416d9453b99cd7a5d15eeb3ea4ef9b7d590"
