# This file is automatically @generated by Poetry 1.6.1 and should not be changed by hand.

[[package]]
name = "anyio"
version = "4.0.0"
description = "High level compatibility layer for multiple asynchronous event loop implementations"
optional = false
python-versions = ">=3.8"
files = [
    {file = "anyio-4.0.0-py3-none-any.whl", hash = "sha256:cfdb2b588b9fc25ede96d8db56ed50848b0b649dca3dd1df0b11f683bb9e0b5f"},
    {file = "anyio-4.0.0.tar.gz", hash = "sha256:f7ed51751b2c2add651e5747c891b47e26d2a21be5d32d9311dfe9692f3e5d7a"},
]

[package.dependencies]
exceptiongroup = {version = ">=1.0.2", markers = "python_version < \"3.11\""}
idna = ">=2.8"
sniffio = ">=1.1"

[package.extras]
doc = ["Sphinx (>=7)", "packaging", "sphinx-autodoc-typehints (>=1.2.0)"]
test = ["anyio[trio]", "coverage[toml] (>=7)", "hypothesis (>=4.0)", "psutil (>=5.9)", "pytest (>=7.0)", "pytest-mock (>=3.6.1)", "trustme", "uvloop (>=0.17)"]
trio = ["trio (>=0.22)"]

[[package]]
name = "astunparse"
version = "1.6.3"
description = "An AST unparser for Python"
optional = false
python-versions = "*"
files = [
    {file = "astunparse-1.6.3-py2.py3-none-any.whl", hash = "sha256:c2652417f2c8b5bb325c885ae329bdf3f86424075c4fd1a128674bc6fba4b8e8"},
    {file = "astunparse-1.6.3.tar.gz", hash = "sha256:5ad93a8456f0d084c3456d059fd9a92cce667963232cbf763eac3bc5b7940872"},
]

[package.dependencies]
six = ">=1.6.1,<2.0"
wheel = ">=0.23.0,<1.0"

[[package]]
name = "black"
version = "23.10.0"
description = "The uncompromising code formatter."
optional = false
python-versions = ">=3.8"
files = [
    {file = "black-23.10.0-cp310-cp310-macosx_10_16_arm64.whl", hash = "sha256:f8dc7d50d94063cdfd13c82368afd8588bac4ce360e4224ac399e769d6704e98"},
    {file = "black-23.10.0-cp310-cp310-macosx_10_16_x86_64.whl", hash = "sha256:f20ff03f3fdd2fd4460b4f631663813e57dc277e37fb216463f3b907aa5a9bdd"},
    {file = "black-23.10.0-cp310-cp310-manylinux_2_17_x86_64.manylinux2014_x86_64.whl", hash = "sha256:d3d9129ce05b0829730323bdcb00f928a448a124af5acf90aa94d9aba6969604"},
    {file = "black-23.10.0-cp310-cp310-win_amd64.whl", hash = "sha256:960c21555be135c4b37b7018d63d6248bdae8514e5c55b71e994ad37407f45b8"},
    {file = "black-23.10.0-cp311-cp311-macosx_10_16_arm64.whl", hash = "sha256:30b78ac9b54cf87bcb9910ee3d499d2bc893afd52495066c49d9ee6b21eee06e"},
    {file = "black-23.10.0-cp311-cp311-macosx_10_16_x86_64.whl", hash = "sha256:0e232f24a337fed7a82c1185ae46c56c4a6167fb0fe37411b43e876892c76699"},
    {file = "black-23.10.0-cp311-cp311-manylinux_2_17_x86_64.manylinux2014_x86_64.whl", hash = "sha256:31946ec6f9c54ed7ba431c38bc81d758970dd734b96b8e8c2b17a367d7908171"},
    {file = "black-23.10.0-cp311-cp311-win_amd64.whl", hash = "sha256:c870bee76ad5f7a5ea7bd01dc646028d05568d33b0b09b7ecfc8ec0da3f3f39c"},
    {file = "black-23.10.0-cp38-cp38-macosx_10_16_arm64.whl", hash = "sha256:6901631b937acbee93c75537e74f69463adaf34379a04eef32425b88aca88a23"},
    {file = "black-23.10.0-cp38-cp38-macosx_10_16_x86_64.whl", hash = "sha256:481167c60cd3e6b1cb8ef2aac0f76165843a374346aeeaa9d86765fe0dd0318b"},
    {file = "black-23.10.0-cp38-cp38-manylinux_2_17_x86_64.manylinux2014_x86_64.whl", hash = "sha256:f74892b4b836e5162aa0452393112a574dac85e13902c57dfbaaf388e4eda37c"},
    {file = "black-23.10.0-cp38-cp38-win_amd64.whl", hash = "sha256:47c4510f70ec2e8f9135ba490811c071419c115e46f143e4dce2ac45afdcf4c9"},
    {file = "black-23.10.0-cp39-cp39-macosx_10_16_arm64.whl", hash = "sha256:76baba9281e5e5b230c9b7f83a96daf67a95e919c2dfc240d9e6295eab7b9204"},
    {file = "black-23.10.0-cp39-cp39-macosx_10_16_x86_64.whl", hash = "sha256:a3c2ddb35f71976a4cfeca558848c2f2f89abc86b06e8dd89b5a65c1e6c0f22a"},
    {file = "black-23.10.0-cp39-cp39-manylinux_2_17_x86_64.manylinux2014_x86_64.whl", hash = "sha256:db451a3363b1e765c172c3fd86213a4ce63fb8524c938ebd82919bf2a6e28c6a"},
    {file = "black-23.10.0-cp39-cp39-win_amd64.whl", hash = "sha256:7fb5fc36bb65160df21498d5a3dd330af8b6401be3f25af60c6ebfe23753f747"},
    {file = "black-23.10.0-py3-none-any.whl", hash = "sha256:e223b731a0e025f8ef427dd79d8cd69c167da807f5710add30cdf131f13dd62e"},
    {file = "black-23.10.0.tar.gz", hash = "sha256:31b9f87b277a68d0e99d2905edae08807c007973eaa609da5f0c62def6b7c0bd"},
]

[package.dependencies]
click = ">=8.0.0"
mypy-extensions = ">=0.4.3"
packaging = ">=22.0"
pathspec = ">=0.9.0"
platformdirs = ">=2"
tomli = {version = ">=1.1.0", markers = "python_version < \"3.11\""}
typing-extensions = {version = ">=4.0.1", markers = "python_version < \"3.11\""}

[package.extras]
colorama = ["colorama (>=0.4.3)"]
d = ["aiohttp (>=3.7.4)"]
jupyter = ["ipython (>=7.8.0)", "tokenize-rt (>=3.2.0)"]
uvloop = ["uvloop (>=0.15.2)"]

[[package]]
name = "certifi"
version = "2023.7.22"
description = "Python package for providing Mozilla's CA Bundle."
optional = false
python-versions = ">=3.6"
files = [
    {file = "certifi-2023.7.22-py3-none-any.whl", hash = "sha256:92d6037539857d8206b8f6ae472e8b77db8058fec5937a1ef3f54304089edbb9"},
    {file = "certifi-2023.7.22.tar.gz", hash = "sha256:539cc1d13202e33ca466e88b2807e29f4c13049d6d87031a3c110744495cb082"},
]

[[package]]
name = "click"
version = "8.1.7"
description = "Composable command line interface toolkit"
optional = false
python-versions = ">=3.7"
files = [
    {file = "click-8.1.7-py3-none-any.whl", hash = "sha256:ae74fb96c20a0277a1d615f1e4d73c8414f5a98db8b799a7931d1582f3390c28"},
    {file = "click-8.1.7.tar.gz", hash = "sha256:ca9853ad459e787e2192211578cc907e7594e294c7ccc834310722b41b9ca6de"},
]

[package.dependencies]
colorama = {version = "*", markers = "platform_system == \"Windows\""}

[[package]]
name = "colorama"
version = "0.4.6"
description = "Cross-platform colored terminal text."
optional = false
python-versions = "!=3.0.*,!=3.1.*,!=3.2.*,!=3.3.*,!=3.4.*,!=3.5.*,!=3.6.*,>=2.7"
files = [
    {file = "colorama-0.4.6-py2.py3-none-any.whl", hash = "sha256:4f1d9991f5acc0ca119f9d443620b77f9d6b33703e51011c16baf57afb285fc6"},
    {file = "colorama-0.4.6.tar.gz", hash = "sha256:08695f5cb7ed6e0531a20572697297273c47b8cae5a63ffc6d6ed5c201be6e44"},
]

[[package]]
name = "exceptiongroup"
version = "1.1.3"
description = "Backport of PEP 654 (exception groups)"
optional = false
python-versions = ">=3.7"
files = [
    {file = "exceptiongroup-1.1.3-py3-none-any.whl", hash = "sha256:343280667a4585d195ca1cf9cef84a4e178c4b6cf2274caef9859782b567d5e3"},
    {file = "exceptiongroup-1.1.3.tar.gz", hash = "sha256:097acd85d473d75af5bb98e41b61ff7fe35efe6675e4f9370ec6ec5126d160e9"},
]

[package.extras]
test = ["pytest (>=6)"]

[[package]]
name = "h11"
version = "0.14.0"
description = "A pure-Python, bring-your-own-I/O implementation of HTTP/1.1"
optional = false
python-versions = ">=3.7"
files = [
    {file = "h11-0.14.0-py3-none-any.whl", hash = "sha256:e3fe4ac4b851c468cc8363d500db52c2ead036020723024a109d37346efaa761"},
    {file = "h11-0.14.0.tar.gz", hash = "sha256:8f19fbbe99e72420ff35c00b27a34cb9937e902a8b810e2c88300c6f0a3b699d"},
]

[[package]]
name = "httpcore"
version = "0.18.0"
description = "A minimal low-level HTTP client."
optional = false
python-versions = ">=3.8"
files = [
    {file = "httpcore-0.18.0-py3-none-any.whl", hash = "sha256:adc5398ee0a476567bf87467063ee63584a8bce86078bf748e48754f60202ced"},
    {file = "httpcore-0.18.0.tar.gz", hash = "sha256:13b5e5cd1dca1a6636a6aaea212b19f4f85cd88c366a2b82304181b769aab3c9"},
]

[package.dependencies]
anyio = ">=3.0,<5.0"
certifi = "*"
h11 = ">=0.13,<0.15"
sniffio = "==1.*"

[package.extras]
http2 = ["h2 (>=3,<5)"]
socks = ["socksio (==1.*)"]

[[package]]
name = "httpx"
version = "0.25.0"
description = "The next generation HTTP client."
optional = false
python-versions = ">=3.8"
files = [
    {file = "httpx-0.25.0-py3-none-any.whl", hash = "sha256:181ea7f8ba3a82578be86ef4171554dd45fec26a02556a744db029a0a27b7100"},
    {file = "httpx-0.25.0.tar.gz", hash = "sha256:47ecda285389cb32bb2691cc6e069e3ab0205956f681c5b2ad2325719751d875"},
]

[package.dependencies]
certifi = "*"
httpcore = ">=0.18.0,<0.19.0"
idna = "*"
sniffio = "*"

[package.extras]
brotli = ["brotli", "brotlicffi"]
cli = ["click (==8.*)", "pygments (==2.*)", "rich (>=10,<14)"]
http2 = ["h2 (>=3,<5)"]
socks = ["socksio (==1.*)"]

[[package]]
name = "idna"
version = "3.4"
description = "Internationalized Domain Names in Applications (IDNA)"
optional = false
python-versions = ">=3.5"
files = [
    {file = "idna-3.4-py3-none-any.whl", hash = "sha256:90b77e79eaa3eba6de819a0c442c0b4ceefc341a7a2ab77d7562bf49f425c5c2"},
    {file = "idna-3.4.tar.gz", hash = "sha256:814f528e8dead7d329833b91c5faa87d60bf71824cd12a7530b5526063d02cb4"},
]

[[package]]
name = "mypy-extensions"
version = "1.0.0"
description = "Type system extensions for programs checked with the mypy type checker."
optional = false
python-versions = ">=3.5"
files = [
    {file = "mypy_extensions-1.0.0-py3-none-any.whl", hash = "sha256:4392f6c0eb8a5668a69e23d168ffa70f0be9ccfd32b5cc2d26a34ae5b844552d"},
    {file = "mypy_extensions-1.0.0.tar.gz", hash = "sha256:75dbf8955dc00442a438fc4d0666508a9a97b6bd41aa2f0ffe9d2f2725af0782"},
]

[[package]]
name = "packaging"
version = "23.2"
description = "Core utilities for Python packages"
optional = false
python-versions = ">=3.7"
files = [
    {file = "packaging-23.2-py3-none-any.whl", hash = "sha256:8c491190033a9af7e1d931d0b5dacc2ef47509b34dd0de67ed209b5203fc88c7"},
    {file = "packaging-23.2.tar.gz", hash = "sha256:048fb0e9405036518eaaf48a55953c750c11e1a1b68e0dd1a9d62ed0c092cfc5"},
]

[[package]]
name = "pathspec"
version = "0.11.2"
description = "Utility library for gitignore style pattern matching of file paths."
optional = false
python-versions = ">=3.7"
files = [
    {file = "pathspec-0.11.2-py3-none-any.whl", hash = "sha256:1d6ed233af05e679efb96b1851550ea95bbb64b7c490b0f5aa52996c11e92a20"},
    {file = "pathspec-0.11.2.tar.gz", hash = "sha256:e0d8d0ac2f12da61956eb2306b69f9469b42f4deb0f3cb6ed47b9cce9996ced3"},
]

[[package]]
name = "platformdirs"
version = "3.11.0"
description = "A small Python package for determining appropriate platform-specific dirs, e.g. a \"user data dir\"."
optional = false
python-versions = ">=3.7"
files = [
    {file = "platformdirs-3.11.0-py3-none-any.whl", hash = "sha256:e9d171d00af68be50e9202731309c4e658fd8bc76f55c11c7dd760d023bda68e"},
    {file = "platformdirs-3.11.0.tar.gz", hash = "sha256:cf8ee52a3afdb965072dcc652433e0c7e3e40cf5ea1477cd4b3b1d2eb75495b3"},
]

[package.extras]
docs = ["furo (>=2023.7.26)", "proselint (>=0.13)", "sphinx (>=7.1.1)", "sphinx-autodoc-typehints (>=1.24)"]
test = ["appdirs (==1.4.4)", "covdefaults (>=2.3)", "pytest (>=7.4)", "pytest-cov (>=4.1)", "pytest-mock (>=3.11.1)"]

[[package]]
name = "python-box"
version = "7.1.1"
description = "Advanced Python dictionaries with dot notation access"
optional = false
python-versions = ">=3.8"
files = [
    {file = "python-box-7.1.1.tar.gz", hash = "sha256:2a3df244a5a79ac8f8447b5d11b5be0f2747d7b141cb2866060081ae9b53cc50"},
    {file = "python_box-7.1.1-cp310-cp310-macosx_11_0_x86_64.whl", hash = "sha256:81ed1ec0f0ff2370227fc07277c5baca46d190a4747631bad7eb6ab1630fb7d9"},
    {file = "python_box-7.1.1-cp310-cp310-manylinux_2_17_x86_64.manylinux2014_x86_64.whl", hash = "sha256:8891735b4148e84d348c6eadd2f127152f751c9603e35d43a1f496183a291ac4"},
    {file = "python_box-7.1.1-cp310-cp310-win_amd64.whl", hash = "sha256:0036fd47d388deaca8ebd65aea905f88ee6ef91d1d8ce34898b66f1824afbe80"},
    {file = "python_box-7.1.1-cp311-cp311-macosx_10_9_universal2.whl", hash = "sha256:aabf8b9ae5dbc8ba431d8cbe0d4cfe737a25d52d68b0f5f2ff34915c21a2c1db"},
    {file = "python_box-7.1.1-cp311-cp311-manylinux_2_17_x86_64.manylinux2014_x86_64.whl", hash = "sha256:c046608337e723ae4de3206db5d1e1202ed166da2dfdc70c1f9361e72ace5633"},
    {file = "python_box-7.1.1-cp311-cp311-win_amd64.whl", hash = "sha256:f9266795e9c233874fb5b34fa994054b4fb0371881678e6ec45aec17fc95feac"},
    {file = "python_box-7.1.1-cp38-cp38-macosx_11_0_x86_64.whl", hash = "sha256:f76b5b7f0cdc07bfdd4200dc24e6e33189bb2ae322137a2b7110fd41891a3157"},
    {file = "python_box-7.1.1-cp38-cp38-manylinux_2_17_x86_64.manylinux2014_x86_64.whl", hash = "sha256:4ea13c98e05a3ec0ff26f254986a17290b69b5ade209fad081fd628f8fcfaa08"},
    {file = "python_box-7.1.1-cp38-cp38-win_amd64.whl", hash = "sha256:1b3f346e332dba16df0b0543d319d9e7ce07d93e5ae152175302894352aa2d28"},
    {file = "python_box-7.1.1-cp39-cp39-macosx_11_0_x86_64.whl", hash = "sha256:24c4ec0ee0278f66321100aaa9c615413da27a14ff43d376a2a3b4665e1d9494"},
    {file = "python_box-7.1.1-cp39-cp39-manylinux_2_17_x86_64.manylinux2014_x86_64.whl", hash = "sha256:d95e5eec4fc8f3fc5c9cc7347fc2eb4f9187c853d34c90b1658d1eff96cd4eac"},
    {file = "python_box-7.1.1-cp39-cp39-win_amd64.whl", hash = "sha256:a0f1333c42e81529b6f68c192050df9d4505b803be7ac47f114036b98707f7cf"},
    {file = "python_box-7.1.1-py3-none-any.whl", hash = "sha256:63b609555554d7a9d4b6e725f8e78ef1717c67e7d386200e03422ad612338df8"},
]

[package.extras]
all = ["msgpack", "ruamel.yaml (>=0.17)", "toml"]
msgpack = ["msgpack"]
pyyaml = ["PyYAML"]
ruamel-yaml = ["ruamel.yaml (>=0.17)"]
toml = ["toml"]
tomli = ["tomli", "tomli-w"]
yaml = ["ruamel.yaml (>=0.17)"]

[[package]]
name = "respx"
version = "0.20.2"
description = "A utility for mocking out the Python HTTPX and HTTP Core libraries."
optional = false
python-versions = ">=3.7"
files = [
    {file = "respx-0.20.2-py2.py3-none-any.whl", hash = "sha256:ab8e1cf6da28a5b2dd883ea617f8130f77f676736e6e9e4a25817ad116a172c9"},
    {file = "respx-0.20.2.tar.gz", hash = "sha256:07cf4108b1c88b82010f67d3c831dae33a375c7b436e54d87737c7f9f99be643"},
]

[package.dependencies]
httpx = ">=0.21.0"

[[package]]
name = "ruff"
version = "0.0.291"
description = "An extremely fast Python linter, written in Rust."
optional = false
python-versions = ">=3.7"
files = [
    {file = "ruff-0.0.291-py3-none-macosx_10_7_x86_64.whl", hash = "sha256:b97d0d7c136a85badbc7fd8397fdbb336e9409b01c07027622f28dcd7db366f2"},
    {file = "ruff-0.0.291-py3-none-macosx_10_9_x86_64.macosx_11_0_arm64.macosx_10_9_universal2.whl", hash = "sha256:6ab44ea607967171e18aa5c80335237be12f3a1523375fa0cede83c5cf77feb4"},
    {file = "ruff-0.0.291-py3-none-manylinux_2_17_aarch64.manylinux2014_aarch64.whl", hash = "sha256:a04b384f2d36f00d5fb55313d52a7d66236531195ef08157a09c4728090f2ef0"},
    {file = "ruff-0.0.291-py3-none-manylinux_2_17_armv7l.manylinux2014_armv7l.whl", hash = "sha256:b727c219b43f903875b7503a76c86237a00d1a39579bb3e21ce027eec9534051"},
    {file = "ruff-0.0.291-py3-none-manylinux_2_17_i686.manylinux2014_i686.whl", hash = "sha256:87671e33175ae949702774071b35ed4937da06f11851af75cd087e1b5a488ac4"},
    {file = "ruff-0.0.291-py3-none-manylinux_2_17_ppc64.manylinux2014_ppc64.whl", hash = "sha256:b75f5801547f79b7541d72a211949754c21dc0705c70eddf7f21c88a64de8b97"},
    {file = "ruff-0.0.291-py3-none-manylinux_2_17_ppc64le.manylinux2014_ppc64le.whl", hash = "sha256:b09b94efdcd162fe32b472b2dd5bf1c969fcc15b8ff52f478b048f41d4590e09"},
    {file = "ruff-0.0.291-py3-none-manylinux_2_17_s390x.manylinux2014_s390x.whl", hash = "sha256:8d5b56bc3a2f83a7a1d7f4447c54d8d3db52021f726fdd55d549ca87bca5d747"},
    {file = "ruff-0.0.291-py3-none-manylinux_2_17_x86_64.manylinux2014_x86_64.whl", hash = "sha256:13f0d88e5f367b2dc8c7d90a8afdcfff9dd7d174e324fd3ed8e0b5cb5dc9b7f6"},
    {file = "ruff-0.0.291-py3-none-musllinux_1_2_aarch64.whl", hash = "sha256:b3eeee1b1a45a247758ecdc3ab26c307336d157aafc61edb98b825cadb153df3"},
    {file = "ruff-0.0.291-py3-none-musllinux_1_2_armv7l.whl", hash = "sha256:6c06006350c3bb689765d71f810128c9cdf4a1121fd01afc655c87bab4fb4f83"},
    {file = "ruff-0.0.291-py3-none-musllinux_1_2_i686.whl", hash = "sha256:fd17220611047de247b635596e3174f3d7f2becf63bd56301fc758778df9b629"},
    {file = "ruff-0.0.291-py3-none-musllinux_1_2_x86_64.whl", hash = "sha256:5383ba67ad360caf6060d09012f1fb2ab8bd605ab766d10ca4427a28ab106e0b"},
    {file = "ruff-0.0.291-py3-none-win32.whl", hash = "sha256:1d5f0616ae4cdc7a938b493b6a1a71c8a47d0300c0d65f6e41c281c2f7490ad3"},
    {file = "ruff-0.0.291-py3-none-win_amd64.whl", hash = "sha256:8a69bfbde72db8ca1c43ee3570f59daad155196c3fbe357047cd9b77de65f15b"},
    {file = "ruff-0.0.291-py3-none-win_arm64.whl", hash = "sha256:d867384a4615b7f30b223a849b52104214442b5ba79b473d7edd18da3cde22d6"},
    {file = "ruff-0.0.291.tar.gz", hash = "sha256:c61109661dde9db73469d14a82b42a88c7164f731e6a3b0042e71394c1c7ceed"},
]

[[package]]
name = "six"
version = "1.16.0"
description = "Python 2 and 3 compatibility utilities"
optional = false
python-versions = ">=2.7, !=3.0.*, !=3.1.*, !=3.2.*"
files = [
    {file = "six-1.16.0-py2.py3-none-any.whl", hash = "sha256:8abb2f1d86890a2dfb989f9a77cfcfd3e47c2a354b01111771326f8aa26e0254"},
    {file = "six-1.16.0.tar.gz", hash = "sha256:1e61c37477a1626458e36f7b1d82aa5c9b094fa4802892072e49de9c60c4c926"},
]

[[package]]
name = "sniffio"
version = "1.3.0"
description = "Sniff out which async library your code is running under"
optional = false
python-versions = ">=3.7"
files = [
    {file = "sniffio-1.3.0-py3-none-any.whl", hash = "sha256:eecefdce1e5bbfb7ad2eeaabf7c1eeb404d7757c379bd1f7e5cce9d8bf425384"},
    {file = "sniffio-1.3.0.tar.gz", hash = "sha256:e60305c5e5d314f5389259b7f22aaa33d8f7dee49763119234af3755c55b9101"},
]

[[package]]
name = "tomli"
version = "2.0.1"
description = "A lil' TOML parser"
optional = false
python-versions = ">=3.7"
files = [
    {file = "tomli-2.0.1-py3-none-any.whl", hash = "sha256:939de3e7a6161af0c887ef91b7d41a53e7c5a1ca976325f429cb46ea9bc30ecc"},
    {file = "tomli-2.0.1.tar.gz", hash = "sha256:de526c12914f0c550d15924c62d72abc48d6fe7364aa87328337a31007fe8a4f"},
]

[[package]]
name = "typegraph"
version = "0.2.4-0+dev"
description = "Declarative API development platform. Build serverless backends with zero-trust and less code, no matter where and how your (legacy) systems are."
optional = false
python-versions = ">=3.8,<4.0"
files = []
develop = true

[package.dependencies]
astunparse = "^1.6.3"
python-box = "^7.1.1"
typing-extensions = "^4.8.0"
wasmtime = "^13.0.2"

[package.source]
type = "directory"
url = "typegraph/python"

[[package]]
name = "typing-extensions"
version = "4.8.0"
description = "Backported and Experimental Type Hints for Python 3.8+"
optional = false
python-versions = ">=3.8"
files = [
    {file = "typing_extensions-4.8.0-py3-none-any.whl", hash = "sha256:8f92fc8806f9a6b641eaa5318da32b44d401efaac0f6678c9bc448ba3605faa0"},
    {file = "typing_extensions-4.8.0.tar.gz", hash = "sha256:df8e4339e9cb77357558cbdbceca33c303714cf861d1eef15e1070055ae8b7ef"},
]

[[package]]
name = "wasmtime"
version = "13.0.2"
description = "A WebAssembly runtime powered by Wasmtime"
optional = false
python-versions = ">=3.8"
files = [
    {file = "wasmtime-13.0.2-py3-none-any.whl", hash = "sha256:0a40208bad7dda88475f74a9c3d6e029f24efbd5cf66e319ce0ea0c82a8c1daf"},
    {file = "wasmtime-13.0.2-py3-none-macosx_10_13_x86_64.whl", hash = "sha256:31978efdd5fe9e314e18650b8e8236791931beff0b2bfd901a369c7e99d9f5fb"},
    {file = "wasmtime-13.0.2-py3-none-macosx_11_0_arm64.whl", hash = "sha256:0f05a94cfe4db40c51352f7a6f9e66ada3d0b7505740c44fee7ad63e3d737e0d"},
    {file = "wasmtime-13.0.2-py3-none-manylinux1_x86_64.whl", hash = "sha256:de4b2e498aeb8f2926e2bc1c25de32c1cac980f095ca9877510d1c2fd6c75543"},
    {file = "wasmtime-13.0.2-py3-none-manylinux2014_aarch64.whl", hash = "sha256:454322592f7eecac42f9ff50ea87b4efc0d4c2cc7c7d13d4c15a092adcfeb916"},
    {file = "wasmtime-13.0.2-py3-none-win_amd64.whl", hash = "sha256:8aa90461e87cff1d8700e71e37c01598ae67911ae9349aeb9aede79435fb95a2"},
]

[package.extras]
testing = ["coverage", "flake8 (==4.0.1)", "pycparser", "pytest", "pytest-flake8", "pytest-mypy"]

[[package]]
name = "wheel"
version = "0.41.2"
description = "A built-package format for Python"
optional = false
python-versions = ">=3.7"
files = [
    {file = "wheel-0.41.2-py3-none-any.whl", hash = "sha256:75909db2664838d015e3d9139004ee16711748a52c8f336b52882266540215d8"},
    {file = "wheel-0.41.2.tar.gz", hash = "sha256:0c5ac5ff2afb79ac23ab82bab027a0be7b5dbcf2e54dc50efe4bf507de1f7985"},
]

[package.extras]
test = ["pytest (>=6.0.0)", "setuptools (>=65)"]

[metadata]
lock-version = "2.0"
python-versions = ">=3.8,<4.0"
content-hash = "d8a27d324616ff31e294bcef3fe567ebc05bd16686a8095fc5a0fcfe27387335"
