dev:
  files:
    dev/LICENSE-MPL-2.0.md:
      - typegraph/python/LICENSE.md
      - typegraph/deno/LICENSE.md
  lines:
    rust-toolchain.toml:
      (channel = ").+("): RUST_VERSION
    ghjk.ts:
      '(.*/metatypedev/ghjk/)[^/]*(/.*)': GHJK_VERSION
      (const\s+PROTOC_VERSION\s*=\s*").*(";): PROTOC_VERSION
      (const\s+POETRY_VERSION\s*=\s*").*(";): POETRY_VERSION
      (const\s+PNPM_VERSION\s*=\s*").*(";): PNPM_VERSION
      (const\s+WASM_TOOLS_VERSION = ").*(";): WASM_TOOLS_VERSION
      (const\s+JCO_VERSION =\s*").*(";): JCO_VERSION
      (const\s+WASMEDGE_VERSION\s*=\s*").*(";): WASMEDGE_VERSION
      (const\s+WASM_OPT_VERSION\s*=\s*").*(";): WASM_OPT_VERSION
      (const\s+MOLD_VERSION\s*=\s*").*(";): MOLD_VERSION
      (const\s+CMAKE_VERSION\s*=\s*").*(";): CMAKE_VERSION
      (const\s+CARGO_INSTA_VERSION\s*=\s*").*(";): CARGO_INSTA_VERSION
    .github/*/*.yml:
      '(  GHJK_VERSION: ").+(")': GHJK_VERSION
      '(  DENO_VERSION: ").+(")': DENO_VERSION
      '(  PYTHON_VERSION: ").+(")': PYTHON_VERSION
      '([\s-]+uses:\s+metatypedev/setup-ghjk@).+()': GHJK_ACTION_VERSION
    typegraph/python/typegraph/__init__.py:
      (version = ").+("): METATYPE_VERSION
    typegraph/python/pyproject.toml:
      (description = ").+("): TAGLINE
    '**/Cargo.toml':
      (version = ").+("): METATYPE_VERSION
      (description = ").+("): TAGLINE
      '([\w-]+\s*=\s*\{\s*git\s*=\s*"https:\/\/github\.com\/prisma\/prisma-engines"\s*,\s*tag\s*=\s*").+("\s*\})': PRISMA_VERSION
      '(deno\s*=\s*\{\s*git\s*=\s*"https:\/\/github\.com\/metatypedev\/deno"\s*,\s*branch\s*=\s*"v).+(-embeddable"\s*\})': DENO_VERSION
    dev/Dockerfile:
      (ARG DENO_VERSION=).*(): DENO_VERSION
      (ARG RUST_VERSION=).*(): RUST_VERSION
      (ARG GHJK_VERSION=).*(): GHJK_VERSION
    typegate/src/typegraph/versions.ts:
      (const typegraphVersion = ").*(";): TYPEGRAPH_VERSION
    typegraph/core/src/typegraph.rs:
      '(static TYPEGRAPH_VERSION: &str = ").*(";)': TYPEGRAPH_VERSION
    whiz.yaml:
      '(  TYPEGRAPH_VERSION: ").+(")': TYPEGRAPH_VERSION
      '(    WASM_TOOLS_VERSION: ").+(")': WASM_TOOLS_VERSION
      '(    CARGO_INSTA_VERSION: ").+(")': CARGO_INSTA_VERSION
      '(    JCO_VERSION: ").+(")': JCO_VERSION
      '(    WASMEDGE_VERSION: ").+(")': WASMEDGE_VERSION
      '(    WASM_OPT_VERSION: ").+(")': WASM_OPT_VERSION
    website/docusaurus.config.js:
      '(  tagline: ").+(",)': TAGLINE
    examples/**/compose.yml:
      '(    image: ghcr.io/metatypedev/typegate:v).+()': METATYPE_VERSION
    '**/pyproject.toml':
      (version = ").+("): METATYPE_VERSION
      (wasmtime = "\^).+("): WASMTIME_VERSION
    examples/**/pyproject.toml:
      (typegraph = ").+("): METATYPE_VERSION
    examples/**/package.json:
      '(\s*"@typegraph\/sdk"\s*:\s*"\^).+(",?)': PUBLISHED_VERSION
    examples/**/*.ts:
      '(import\s+.+\s+from "npm:@typegraph\/sdk@)[^\/]+(\/.+";)': PUBLISHED_VERSION
  lock:
    GHJK_VERSION: 7f63fb7
    GHJK_ACTION_VERSION: 55eb03992e3c1c268b8784046b1c09f01f90c0f0
    PYTHON_VERSION: '3.8'
    POETRY_VERSION: 1.7.0
    PROTOC_VERSION: v24.1
    RUST_VERSION: 1.74.1
    DENO_VERSION: 1.39.0
    NODE_VERSION: 20.8.0
    PNPM_VERSION: v8.8.0
    CARGO_INSTA_VERSION: 1.33.0
    WASM_TOOLS_VERSION: 1.0.53
    JCO_VERSION: 0.12.1
    WASMTIME_VERSION: 13.0.2
    WASMEDGE_VERSION: 0.13.5
    TYPEGRAPH_VERSION: 0.0.3
    PRISMA_VERSION: 5.5.2
    METATYPE_VERSION: 0.3.1
    PUBLISHED_VERSION: 0.2.4
    WASM_OPT_VERSION: 0.116.0
    MOLD_VERSION: v2.4.0
    CMAKE_VERSION: 3.28.0-rc6
    TAGLINE: >-
      Declarative API development platform. Build serverless backends with
      zero-trust and less code, no matter where and how your (legacy) systems
      are.
