dev:
  files:
    dev/LICENSE-MPL-2.0.md:
      - typegraph/python/LICENSE.md
      - typegraph/deno/LICENSE.md
  lines:
    rust-toolchain.toml:
      (channel = ").+("): RUST_VERSION
    .github/*/*.yml:
      '(  PYTHON_VERSION: ").+(")': PYTHON_VERSION
      '(  POETRY_VERSION: ").+(")': POETRY_VERSION
      '(  DENO_BINDGEN_URL: ).+()': DENO_BINDGEN_URL
      '(  DENO_VERSION: ").+(")': DENO_VERSION
      '(  PNPM_VERSION: ").+(")': PNPM_VERSION
      '(  NODE_VERSION: ").+(")': NODE_VERSION
      '(  PROTOC_VERSION: ").+(")': PROTOC_VERSION
      '(  WASM_TOOLS_VERSION: ").+(")': WASM_TOOLS_VERSION
      '(  JCO_VERSION: ").+(")': JCO_VERSION
      '(  WASMEDGE_VERSION: ").+(")': WASMEDGE_VERSION
    typegraph/python/typegraph/__init__.py:
      (version = ").+("): METATYPE_VERSION
    typegraph/python_next/typegraph_next/__init__.py:
      (version = ").+("): METATYPE_VERSION
    typegraph/python/pyproject.toml:
      (description = ").+("): TAGLINE
    typegraph/python_next/pyproject.toml:
      (description = ").+("): TAGLINE
    '**/Cargo.toml':
      (version = ").+("): METATYPE_VERSION
      (description = ").+("): TAGLINE
    dev/Dockerfile:
      (ARG DENO_VERSION=).*(): DENO_VERSION
      (ARG DENO_BINDGEN_URL=).*(): DENO_BINDGEN_URL
      (ARG RUST_VERSION=).*(): RUST_VERSION
      (ARG WASMEDGE_VERSION=).*(): WASMEDGE_VERSION
    typegate/src/typegraph/versions.ts:
      (const typegraphVersion = ").*(";): TYPEGRAPH_VERSION
    typegraph/python/typegraph/graph/typegraph.py:
      (typegraph_version = ").*("): TYPEGRAPH_VERSION
    typegraph/core/src/typegraph.rs:
      '(static TYPEGRAPH_VERSION: &str = ").*(";)': TYPEGRAPH_VERSION
    whiz.yaml:
      '(  TYPEGRAPH_VERSION: ").+(")': TYPEGRAPH_VERSION
      '(    DENO_BINDGEN_URL: ").+(")': DENO_BINDGEN_URL
      '(    WASM_TOOLS_VERSION: ").+(")': WASM_TOOLS_VERSION
      '(    CARGO_INSTA_VERSION: ").+(")': CARGO_INSTA_VERSION
      '(    JCO_VERSION: ").+(")': JCO_VERSION
      '(    WASMEDGE_VERSION: ").+(")': WASMEDGE_VERSION
      '(    DENO_VERSION: ").+(")': DENO_VERSION
    website/docusaurus.config.js:
      '(  tagline: ").+(",)': TAGLINE
    examples/**/compose.yml:
      '(    image: ghcr.io/metatypedev/typegate:v).+()': METATYPE_VERSION
    '**/pyproject.toml':
      (version = ").+("): METATYPE_VERSION
      (wasmtime = "\^).+("): WASMTIME_VERSION
    examples/**/pyproject.toml:
      (typegraph = ").+("): METATYPE_VERSION
  lock:
    PYTHON_VERSION: '3.8'
    POETRY_VERSION: 1.4.1
    PROTOC_VERSION: v24.x
    RUST_VERSION: 1.70.0
    DENO_BINDGEN_URL: 'https://deno.land/x/deno_bindgen@0.8.1/cli.ts'
    DENO_VERSION: 1.36.1
    NODE_VERSION: 19.8.1
    PNPM_VERSION: 8.6.11
    CARGO_INSTA_VERSION: 1.30.0
    WASM_TOOLS_VERSION: 1.0.37
    JCO_VERSION: 0.9.4
    WASMTIME_VERSION: 10.0.1
    WASMEDGE_VERSION: 0.12.1
    TYPEGRAPH_VERSION: 0.0.2
    METATYPE_VERSION: 0.1.15-0+dev
    TAGLINE: >-
      Declarative API development platform. Build serverless backends with
      zero-trust and less code, no matter where and how your (legacy) systems
      are.
