# This file is automatically @generated by Poetry 1.5.1 and should not be changed by hand.

[[package]]
name = "typing-extensions"
version = "4.7.1"
description = "Backported and Experimental Type Hints for Python 3.7+"
optional = false
python-versions = ">=3.7"
files = [
    {file = "typing_extensions-4.7.1-py3-none-any.whl", hash = "sha256:440d5dd3af93b060174bf433bccd69b0babc3b15b1a8dca43789fd7f61514b36"},
    {file = "typing_extensions-4.7.1.tar.gz", hash = "sha256:b75ddc264f0ba5615db7ba217daeb99701ad295353c45f9e95963337ceeeffb2"},
]

[[package]]
name = "wasmtime"
version = "10.0.0"
description = "A WebAssembly runtime powered by Wasmtime"
optional = false
python-versions = ">=3.6"
files = [
    {file = "wasmtime-10.0.0-py3-none-any.whl", hash = "sha256:8952d802404fb6c63bdb307becae7d24fab4044db4ba61f184fc9d666057ffd6"},
    {file = "wasmtime-10.0.0-py3-none-macosx_10_13_x86_64.whl", hash = "sha256:0c8d0a078efcb49044e021200fa25716d865d1c82780522c4babed43b197f37d"},
    {file = "wasmtime-10.0.0-py3-none-macosx_11_0_arm64.whl", hash = "sha256:7a3b3ae870006208c83589baee4e8a6e9b781de1712b665b627c1d3b5fc721ce"},
    {file = "wasmtime-10.0.0-py3-none-manylinux1_x86_64.whl", hash = "sha256:7fc2223b66b520677af0a62e3e8255f6b363e60f1ed4ee17a91307a72ee36c67"},
    {file = "wasmtime-10.0.0-py3-none-manylinux2014_aarch64.whl", hash = "sha256:629ac3605e2e0c9d3d0963e6ae3194da0205b80b5e0f00fd31a4ff921051d559"},
    {file = "wasmtime-10.0.0-py3-none-win_amd64.whl", hash = "sha256:40cb02a3974c0f88da7a0e99c16574f600912c41ab6d93259daa47e6c98e100b"},
]

[package.extras]
testing = ["coverage", "flake8 (==4.0.1)", "pycparser", "pytest", "pytest-flake8", "pytest-mypy"]

[metadata]
lock-version = "2.0"
python-versions = ">=3.8,<4.0"
content-hash = "11bf2ca5556d57d952d1398e51f30b2a4d61c0a6162607315295cf8b4a0e32cf"
