# This file is automatically @generated by Poetry 1.5.1 and should not be changed by hand.

[[package]]
name = "typing-extensions"
version = "4.7.1"
description = "Backported and Experimental Type Hints for Python 3.7+"
optional = false
python-versions = ">=3.7"
files = [
    {file = "typing_extensions-4.7.1-py3-none-any.whl", hash = "sha256:440d5dd3af93b060174bf433bccd69b0babc3b15b1a8dca43789fd7f61514b36"},
    {file = "typing_extensions-4.7.1.tar.gz", hash = "sha256:b75ddc264f0ba5615db7ba217daeb99701ad295353c45f9e95963337ceeeffb2"},
]

[[package]]
name = "wasmtime"
version = "10.0.1"
description = "A WebAssembly runtime powered by Wasmtime"
optional = false
python-versions = ">=3.6"
files = [
    {file = "wasmtime-10.0.1-py3-none-any.whl", hash = "sha256:cfa1766001567a412ef9934893acfe87fe55ed54945721d7a3a287e97e00fa85"},
    {file = "wasmtime-10.0.1-py3-none-macosx_10_13_x86_64.whl", hash = "sha256:8a68facd6a24f165ea87c22c2f817f6344d7bb91e5d9aec515ec7881402e2cb3"},
    {file = "wasmtime-10.0.1-py3-none-macosx_11_0_arm64.whl", hash = "sha256:5768ba1e33188406123ae6a58f4b326351a67d81c17def4f71784a425db13418"},
    {file = "wasmtime-10.0.1-py3-none-manylinux1_x86_64.whl", hash = "sha256:064d202286c7637913ecc4b95e0f5507ffe8acda6cc011d38b7d52e066a85cd5"},
    {file = "wasmtime-10.0.1-py3-none-manylinux2014_aarch64.whl", hash = "sha256:6df367783b716d701d3628db515d001abd512aa284519c913f3d24ac1045458a"},
    {file = "wasmtime-10.0.1-py3-none-win_amd64.whl", hash = "sha256:1d3b8aef4c19118323fbcff23bb74375be217aea4b19c15ae56d5f6a7b1372e1"},
]

[package.extras]
testing = ["coverage", "flake8 (==4.0.1)", "pycparser", "pytest", "pytest-flake8", "pytest-mypy"]

[metadata]
lock-version = "2.0"
python-versions = ">=3.8,<4.0"
content-hash = "32abce19ccf005d3a557cecf23f3e5b0eed0f1c71f5708051696bcf8624f1672"
