# This file is automatically @generated by Poetry 1.4.0 and should not be changed by hand.

[[package]]
name = "wasmtime"
version = "9.0.0"
description = "A WebAssembly runtime powered by Wasmtime"
category = "main"
optional = false
python-versions = ">=3.6"
files = [
    {file = "wasmtime-9.0.0-py3-none-any.whl", hash = "sha256:08f74faa950b6180ec149164b84f463854d6423260cb5b4725b05746aaa92f6e"},
    {file = "wasmtime-9.0.0-py3-none-macosx_10_13_x86_64.whl", hash = "sha256:6dad1b1ccfb93b8f3f75679104941dfa9cba17214068964d638b66eee8f93a73"},
    {file = "wasmtime-9.0.0-py3-none-macosx_11_0_arm64.whl", hash = "sha256:51c3ce94d46febcae8797ac1bc90be3d5c2dce48186284ea2735ad431bea2587"},
    {file = "wasmtime-9.0.0-py3-none-manylinux1_x86_64.whl", hash = "sha256:5e0a64b2ef708c107e418c7741c8be0de0cc152efc1d51264e77fcf4f977cef0"},
    {file = "wasmtime-9.0.0-py3-none-manylinux2014_aarch64.whl", hash = "sha256:e798ff868ea21a250d5382e54c15866720e8d9ff0b0d2b8728fe1f2f5b9469b6"},
    {file = "wasmtime-9.0.0-py3-none-win_amd64.whl", hash = "sha256:2f81805c9bda88792363eaf7104270989c5b1e17ccec398b56dfb5f91d2e84f2"},
]

[package.extras]
testing = ["coverage", "flake8 (==4.0.1)", "pycparser", "pytest", "pytest-flake8", "pytest-mypy"]

[metadata]
lock-version = "2.0"
python-versions = ">=3.8,<4.0"
content-hash = "1e47f8d3d91939f8e172f6535448023441f5947656b7e7e647bb3a783ec75c70"
