{
  "version": "3",
  "packages": {
    "specifiers": {
      "jsr:@typegraph/sdk@0.4.10-rc1": "jsr:@typegraph/sdk@0.4.10-rc1",
      "npm:@noble/hashes@1.4.0": "npm:@noble/hashes@1.4.0",
      "npm:@types/node": "npm:@types/node@18.16.19",
      "npm:mathjs@11.11.1": "npm:mathjs@11.11.1",
      "npm:multiformats@13.1.0": "npm:multiformats@13.1.0",
      "npm:zod-validation-error@3.3.0": "npm:zod-validation-error@3.3.0_zod@3.23.8",
      "npm:zod@3.23.8": "npm:zod@3.23.8"
    },
    "jsr": {
      "@typegraph/sdk@0.4.10-rc1": {
        "integrity": "e9cbe5d456e6caa022e06a2d907cc64d3722220d01d22bb402a790052e069178"
      }
    },
    "npm": {
      "@babel/runtime@7.25.0": {
        "integrity": "sha512-7dRy4DwXwtzBrPbZflqxnvfxLF8kdZXPkhymtDeFoFqE6ldzjQFgYTtYIFARcLEYDrqfBfYcZt1WqFxRoyC9Rw==",
        "dependencies": {
          "regenerator-runtime": "regenerator-runtime@0.14.1"
        }
      },
      "@noble/hashes@1.4.0": {
        "integrity": "sha512-V1JJ1WTRUqHHrOSh597hURcMqVKVGL/ea3kv0gSnEdsEZ0/+VyPghM1lMNGc00z7CIQorSvbKpuJkxvuHbvdbg==",
        "dependencies": {}
      },
      "@types/node@18.16.19": {
        "integrity": "sha512-IXl7o+R9iti9eBW4Wg2hx1xQDig183jj7YLn8F7udNceyfkbn1ZxmzZXuak20gR40D7pIkIY1kYGx5VIGbaHKA==",
        "dependencies": {}
      },
      "complex.js@2.1.1": {
        "integrity": "sha512-8njCHOTtFFLtegk6zQo0kkVX1rngygb/KQI6z1qZxlFI3scluC+LVTCFbrkWjBv4vvLlbQ9t88IPMC6k95VTTg==",
        "dependencies": {}
      },
      "decimal.js@10.4.3": {
        "integrity": "sha512-VBBaLc1MgL5XpzgIP7ny5Z6Nx3UrRkIViUkPUdtl9aya5amy3De1gsUUSB1g3+3sExYNjCAsAznmukyxCb1GRA==",
        "dependencies": {}
      },
      "escape-latex@1.2.0": {
        "integrity": "sha512-nV5aVWW1K0wEiUIEdZ4erkGGH8mDxGyxSeqPzRNtWP7ataw+/olFObw7hujFWlVjNsaDFw5VZ5NzVSIqRgfTiw==",
        "dependencies": {}
      },
      "fraction.js@4.3.4": {
        "integrity": "sha512-pwiTgt0Q7t+GHZA4yaLjObx4vXmmdcS0iSJ19o8d/goUGgItX9UZWKWNnLHehxviD8wU2IWRsnR8cD5+yOJP2Q==",
        "dependencies": {}
      },
      "javascript-natural-sort@0.7.1": {
        "integrity": "sha512-nO6jcEfZWQXDhOiBtG2KvKyEptz7RVbpGP4vTD2hLBdmNQSsCiicO2Ioinv6UI4y9ukqnBpy+XZ9H6uLNgJTlw==",
        "dependencies": {}
      },
      "mathjs@11.11.1": {
        "integrity": "sha512-uWrwMrhU31TCqHKmm1yFz0C352njGUVr/I1UnpMOxI/VBTTbCktx/mREUXx5Vyg11xrFdg/F3wnMM7Ql/csVsQ==",
        "dependencies": {
          "@babel/runtime": "@babel/runtime@7.25.0",
          "complex.js": "complex.js@2.1.1",
          "decimal.js": "decimal.js@10.4.3",
          "escape-latex": "escape-latex@1.2.0",
          "fraction.js": "fraction.js@4.3.4",
          "javascript-natural-sort": "javascript-natural-sort@0.7.1",
          "seedrandom": "seedrandom@3.0.5",
          "tiny-emitter": "tiny-emitter@2.1.0",
          "typed-function": "typed-function@4.2.1"
        }
      },
      "multiformats@13.1.0": {
        "integrity": "sha512-HzdtdBwxsIkzpeXzhQ5mAhhuxcHbjEHH+JQoxt7hG/2HGFjjwyolLo7hbaexcnhoEuV4e0TNJ8kkpMjiEYY4VQ==",
        "dependencies": {}
      },
      "regenerator-runtime@0.14.1": {
        "integrity": "sha512-dYnhHh0nJoMfnkZs6GmmhFknAGRrLznOu5nc9ML+EJxGvrx6H7teuevqVqCuPcPK//3eDrrjQhehXVx9cnkGdw==",
        "dependencies": {}
      },
      "seedrandom@3.0.5": {
        "integrity": "sha512-8OwmbklUNzwezjGInmZ+2clQmExQPvomqjL7LFqOYqtmuxRgQYqOD3mHaU+MvZn5FLUeVxVfQjwLZW/n/JFuqg==",
        "dependencies": {}
      },
      "tiny-emitter@2.1.0": {
        "integrity": "sha512-NB6Dk1A9xgQPMoGqC5CVXn123gWyte215ONT5Pp5a0yt4nlEoO1ZWeCwpncaekPHXO60i47ihFnZPiRPjRMq4Q==",
        "dependencies": {}
      },
      "typed-function@4.2.1": {
        "integrity": "sha512-EGjWssW7Tsk4DGfE+5yluuljS1OGYWiI1J6e8puZz9nTMM51Oug8CD5Zo4gWMsOhq5BI+1bF+rWTm4Vbj3ivRA==",
        "dependencies": {}
      },
      "zod-validation-error@3.3.0_zod@3.23.8": {
        "integrity": "sha512-Syib9oumw1NTqEv4LT0e6U83Td9aVRk9iTXPUQr1otyV1PuXQKOvOwhMNqZIq5hluzHP2pMgnOmHEo7kPdI2mw==",
        "dependencies": {
          "zod": "zod@3.23.8"
        }
      },
      "zod@3.23.8": {
        "integrity": "sha512-XBx9AXhXktjUqnepgTiE5flcKIYWi/rme0Eaj+5Y0lftuGBq+jyRu/md4WnuxqgP1ubdpNCsYEYPxrzVHD8d6g==",
        "dependencies": {}
      }
    }
  },
  "remote": {}
}
