# This file is automatically @generated by Poetry 1.8.3 and should not be changed by hand.

[[package]]
name = "astunparse"
version = "1.6.3"
description = "An AST unparser for Python"
optional = false
python-versions = "*"
files = [
    {file = "astunparse-1.6.3-py2.py3-none-any.whl", hash = "sha256:c2652417f2c8b5bb325c885ae329bdf3f86424075c4fd1a128674bc6fba4b8e8"},
    {file = "astunparse-1.6.3.tar.gz", hash = "sha256:5ad93a8456f0d084c3456d059fd9a92cce667963232cbf763eac3bc5b7940872"},
]

[package.dependencies]
six = ">=1.6.1,<2.0"
wheel = ">=0.23.0,<1.0"

[[package]]
name = "importlib-resources"
version = "6.4.5"
description = "Read resources from Python packages"
optional = false
python-versions = ">=3.8"
files = [
    {file = "importlib_resources-6.4.5-py3-none-any.whl", hash = "sha256:ac29d5f956f01d5e4bb63102a5a19957f1b9175e45649977264a1416783bb717"},
    {file = "importlib_resources-6.4.5.tar.gz", hash = "sha256:980862a1d16c9e147a59603677fa2aa5fd82b87f223b6cb870695bcfce830065"},
]

[package.dependencies]
zipp = {version = ">=3.1.0", markers = "python_version < \"3.10\""}

[package.extras]
check = ["pytest-checkdocs (>=2.4)", "pytest-ruff (>=0.2.1)"]
cover = ["pytest-cov"]
doc = ["furo", "jaraco.packaging (>=9.3)", "jaraco.tidelift (>=1.4)", "rst.linker (>=1.9)", "sphinx (>=3.5)", "sphinx-lint"]
enabler = ["pytest-enabler (>=2.2)"]
test = ["jaraco.test (>=5.4)", "pytest (>=6,!=8.1.*)", "zipp (>=3.17)"]
type = ["pytest-mypy"]

[[package]]
name = "python-box"
version = "7.2.0"
description = "Advanced Python dictionaries with dot notation access"
optional = false
python-versions = ">=3.8"
files = [
    {file = "python_box-7.2.0-cp310-cp310-macosx_11_0_x86_64.whl", hash = "sha256:6bdeec791e25258351388b3029a3ec5da302bb9ed3be175493c43cdc6c47f5e3"},
    {file = "python_box-7.2.0-cp310-cp310-manylinux_2_17_x86_64.manylinux2014_x86_64.whl", hash = "sha256:c449f7b3756a71479fa9c61a86e344ac00ed782a66d7662590f0afa294249d18"},
    {file = "python_box-7.2.0-cp310-cp310-win_amd64.whl", hash = "sha256:6b0d61f182d394106d963232854e495b51edc178faa5316a797be1178212d7e0"},
    {file = "python_box-7.2.0-cp311-cp311-macosx_10_9_universal2.whl", hash = "sha256:e2d752de8c1204255bf7b0c814c59ef48293c187a7e9fdcd2fefa28024b72032"},
    {file = "python_box-7.2.0-cp311-cp311-manylinux_2_17_x86_64.manylinux2014_x86_64.whl", hash = "sha256:e8a6c35ea356a386077935958a5debcd5b229b9a1b3b26287a52dfe1a7e65d99"},
    {file = "python_box-7.2.0-cp311-cp311-win_amd64.whl", hash = "sha256:32ed58ec4d9e5475efe69f9c7d773dfea90a6a01979e776da93fd2b0a5d04429"},
    {file = "python_box-7.2.0-cp312-cp312-macosx_10_9_universal2.whl", hash = "sha256:2a2d664c6a27f7515469b6f1e461935a2038ee130b7d194b4b4db4e85d363618"},
    {file = "python_box-7.2.0-cp312-cp312-manylinux_2_17_x86_64.manylinux2014_x86_64.whl", hash = "sha256:e8a5a7365db1aaf600d3e8a2747fcf6833beb5d45439a54318548f02e302e3ec"},
    {file = "python_box-7.2.0-cp312-cp312-win_amd64.whl", hash = "sha256:739f827056ea148cbea3122d4617c994e829b420b1331183d968b175304e3a4f"},
    {file = "python_box-7.2.0-cp38-cp38-macosx_11_0_x86_64.whl", hash = "sha256:2617ef3c3d199f55f63c908f540a4dc14ced9b18533a879e6171c94a6a436f23"},
    {file = "python_box-7.2.0-cp38-cp38-manylinux_2_17_x86_64.manylinux2014_x86_64.whl", hash = "sha256:ffd866bed03087b1d8340014da8c3aaae19135767580641df1b4ae6fff6ac0aa"},
    {file = "python_box-7.2.0-cp38-cp38-win_amd64.whl", hash = "sha256:9681f059e7e92bdf20782cd9ea6e533d4711fc7b8c57a462922a025d46add4d0"},
    {file = "python_box-7.2.0-cp39-cp39-macosx_11_0_x86_64.whl", hash = "sha256:6b59b1e2741c9ceecdf5a5bd9b90502c24650e609cd824d434fed3b6f302b7bb"},
    {file = "python_box-7.2.0-cp39-cp39-manylinux_2_17_x86_64.manylinux2014_x86_64.whl", hash = "sha256:e23fae825d809ae7520fdeac88bb52be55a3b63992120a00e381783669edf589"},
    {file = "python_box-7.2.0-cp39-cp39-win_amd64.whl", hash = "sha256:573b1abdcb7bd745fa404444f060ee62fc35a74f067181e55dcb43cfe92f2827"},
    {file = "python_box-7.2.0-py3-none-any.whl", hash = "sha256:a3c90832dd772cb0197fdb5bc06123b6e1b846899a1b53d9c39450d27a584829"},
    {file = "python_box-7.2.0.tar.gz", hash = "sha256:551af20bdab3a60a2a21e3435120453c4ca32f7393787c3a5036e1d9fc6a0ede"},
]

[package.extras]
all = ["msgpack", "ruamel.yaml (>=0.17)", "toml"]
msgpack = ["msgpack"]
pyyaml = ["PyYAML"]
ruamel-yaml = ["ruamel.yaml (>=0.17)"]
toml = ["toml"]
tomli = ["tomli", "tomli-w"]
yaml = ["ruamel.yaml (>=0.17)"]

[[package]]
name = "six"
version = "1.16.0"
description = "Python 2 and 3 compatibility utilities"
optional = false
python-versions = ">=2.7, !=3.0.*, !=3.1.*, !=3.2.*"
files = [
    {file = "six-1.16.0-py2.py3-none-any.whl", hash = "sha256:8abb2f1d86890a2dfb989f9a77cfcfd3e47c2a354b01111771326f8aa26e0254"},
    {file = "six-1.16.0.tar.gz", hash = "sha256:1e61c37477a1626458e36f7b1d82aa5c9b094fa4802892072e49de9c60c4c926"},
]

[[package]]
name = "typing-extensions"
version = "4.12.2"
description = "Backported and Experimental Type Hints for Python 3.8+"
optional = false
python-versions = ">=3.8"
files = [
    {file = "typing_extensions-4.12.2-py3-none-any.whl", hash = "sha256:04e5ca0351e0f3f85c6853954072df659d0d13fac324d0072316b67d7794700d"},
    {file = "typing_extensions-4.12.2.tar.gz", hash = "sha256:1a7ead55c7e559dd4dee8856e3a88b41225abfe1ce8df57b7c13915fe121ffb8"},
]

[[package]]
name = "wasmtime"
version = "25.0.0"
description = "A WebAssembly runtime powered by Wasmtime"
optional = false
python-versions = ">=3.8"
files = [
    {file = "wasmtime-25.0.0-py3-none-any.whl", hash = "sha256:22aa59fc6e01deec8a6703046f82466090d5811096a3bb5c169907e36c842af1"},
    {file = "wasmtime-25.0.0-py3-none-macosx_10_13_x86_64.whl", hash = "sha256:13e9a718e9d580c1738782cc19f4dcb9fb068f7e51778ea621fd664f4433525b"},
    {file = "wasmtime-25.0.0-py3-none-macosx_11_0_arm64.whl", hash = "sha256:5bdf1214ee3ee78a4a8a92da339f4c4c8c109e65af881b37f4adfc05d02af426"},
    {file = "wasmtime-25.0.0-py3-none-manylinux1_x86_64.whl", hash = "sha256:b4364e14d44e3b7afe6a40bf608e9d0d2c40b09dece441d20f4f6e31906b729c"},
    {file = "wasmtime-25.0.0-py3-none-manylinux2014_aarch64.whl", hash = "sha256:a07445073cf36a6e5d1dc28246a897dcbdaa537ba8be8805be65422ecca297eb"},
    {file = "wasmtime-25.0.0-py3-none-musllinux_1_2_x86_64.whl", hash = "sha256:53d5f614348a28aabdf80ae4f6fdfa803031af1f74ada03826fd4fd43aeee6c8"},
    {file = "wasmtime-25.0.0-py3-none-win_amd64.whl", hash = "sha256:f8a2a213b9179965db2d2eedececd69a37e287e902330509afae51c71a3a6842"},
]

[package.dependencies]
importlib-resources = ">=5.10"

[package.extras]
testing = ["componentize-py", "coverage", "pycparser", "pytest", "pytest-mypy"]

[[package]]
name = "wheel"
version = "0.44.0"
description = "A built-package format for Python"
optional = false
python-versions = ">=3.8"
files = [
    {file = "wheel-0.44.0-py3-none-any.whl", hash = "sha256:2376a90c98cc337d18623527a97c31797bd02bad0033d41547043a1cbfbe448f"},
    {file = "wheel-0.44.0.tar.gz", hash = "sha256:a29c3f2817e95ab89aa4660681ad547c0e9547f20e75b0562fe7723c9a2a9d49"},
]

[package.extras]
test = ["pytest (>=6.0.0)", "setuptools (>=65)"]

[[package]]
name = "zipp"
version = "3.20.2"
description = "Backport of pathlib-compatible object wrapper for zip files"
optional = false
python-versions = ">=3.8"
files = [
    {file = "zipp-3.20.2-py3-none-any.whl", hash = "sha256:a817ac80d6cf4b23bf7f2828b7cabf326f15a001bea8b1f9b49631780ba28350"},
    {file = "zipp-3.20.2.tar.gz", hash = "sha256:bc9eb26f4506fda01b81bcde0ca78103b6e62f991b381fec825435c836edbc29"},
]

[package.extras]
check = ["pytest-checkdocs (>=2.4)", "pytest-ruff (>=0.2.1)"]
cover = ["pytest-cov"]
doc = ["furo", "jaraco.packaging (>=9.3)", "jaraco.tidelift (>=1.4)", "rst.linker (>=1.9)", "sphinx (>=3.5)", "sphinx-lint"]
enabler = ["pytest-enabler (>=2.2)"]
test = ["big-O", "importlib-resources", "jaraco.functools", "jaraco.itertools", "jaraco.test", "more-itertools", "pytest (>=6,!=8.1.*)", "pytest-ignore-flaky"]
type = ["pytest-mypy"]

[metadata]
lock-version = "2.0"
python-versions = ">=3.9,<4.0"
content-hash = "bae8760dd91a2c2bd18fa8958b8d85a6a09bb0a20204aefd15f6ccd620fbf05b"
