lockfileVersion: '6.0'

settings:
  autoInstallPeers: true
  excludeLinksFromLockfile: false

devDependencies:
  '@types/caller':
    specifier: ^1.0.2
    version: 1.0.2
  '@types/node':
    specifier: ^20.10.7
    version: 20.10.7
  typescript:
    specifier: ^5.3.3
    version: 5.3.3

packages:

  /@types/caller@1.0.2:
    resolution: {integrity: sha512-NRXTeF8nnjSAHFxHKMnqpUWY1gTyAHLMhPTKeeHWTZdPilcFiCvlfvpVB8bOMfHbWYIxiPwZDwrYwMsRFkeh7A==}
    dev: true

  /@types/node@20.10.7:
    resolution: {integrity: sha512-fRbIKb8C/Y2lXxB5eVMj4IU7xpdox0Lh8bUPEdtLysaylsml1hOOx1+STloRs/B9nf7C6kPRmmg/V7aQW7usNg==}
    dependencies:
      undici-types: 5.26.5
    dev: true

  /typescript@5.3.3:
    resolution: {integrity: sha512-pXWcraxM0uxAS+tN0AG/BF2TyqmHO014Z070UsJ+pFvYuRSq8KH8DmWpnbXe0pEPDHXZV3FcAbJkijJ5oNEnWw==}
    engines: {node: '>=14.17'}
    hasBin: true
    dev: true

  /undici-types@5.26.5:
    resolution: {integrity: sha512-JlCMO+ehdEIKqlFxk6IfVoAUVmgz7cU7zD/h9XZ0qzeosSHmUJVOzSQvvYSYWXkFXC+IfLKSIffhv0sVZup6pA==}
    dev: true
