# This file is automatically @generated by Poetry 1.6.1 and should not be changed by hand.

[[package]]
name = "astunparse"
version = "1.6.3"
description = "An AST unparser for Python"
optional = false
python-versions = "*"
files = [
    {file = "astunparse-1.6.3-py2.py3-none-any.whl", hash = "sha256:c2652417f2c8b5bb325c885ae329bdf3f86424075c4fd1a128674bc6fba4b8e8"},
    {file = "astunparse-1.6.3.tar.gz", hash = "sha256:5ad93a8456f0d084c3456d059fd9a92cce667963232cbf763eac3bc5b7940872"},
]

[package.dependencies]
six = ">=1.6.1,<2.0"
wheel = ">=0.23.0,<1.0"

[[package]]
name = "python-box"
version = "7.1.1"
description = "Advanced Python dictionaries with dot notation access"
optional = false
python-versions = ">=3.8"
files = [
    {file = "python-box-7.1.1.tar.gz", hash = "sha256:2a3df244a5a79ac8f8447b5d11b5be0f2747d7b141cb2866060081ae9b53cc50"},
    {file = "python_box-7.1.1-cp310-cp310-macosx_11_0_x86_64.whl", hash = "sha256:81ed1ec0f0ff2370227fc07277c5baca46d190a4747631bad7eb6ab1630fb7d9"},
    {file = "python_box-7.1.1-cp310-cp310-manylinux_2_17_x86_64.manylinux2014_x86_64.whl", hash = "sha256:8891735b4148e84d348c6eadd2f127152f751c9603e35d43a1f496183a291ac4"},
    {file = "python_box-7.1.1-cp310-cp310-win_amd64.whl", hash = "sha256:0036fd47d388deaca8ebd65aea905f88ee6ef91d1d8ce34898b66f1824afbe80"},
    {file = "python_box-7.1.1-cp311-cp311-macosx_10_9_universal2.whl", hash = "sha256:aabf8b9ae5dbc8ba431d8cbe0d4cfe737a25d52d68b0f5f2ff34915c21a2c1db"},
    {file = "python_box-7.1.1-cp311-cp311-manylinux_2_17_x86_64.manylinux2014_x86_64.whl", hash = "sha256:c046608337e723ae4de3206db5d1e1202ed166da2dfdc70c1f9361e72ace5633"},
    {file = "python_box-7.1.1-cp311-cp311-win_amd64.whl", hash = "sha256:f9266795e9c233874fb5b34fa994054b4fb0371881678e6ec45aec17fc95feac"},
    {file = "python_box-7.1.1-cp38-cp38-macosx_11_0_x86_64.whl", hash = "sha256:f76b5b7f0cdc07bfdd4200dc24e6e33189bb2ae322137a2b7110fd41891a3157"},
    {file = "python_box-7.1.1-cp38-cp38-manylinux_2_17_x86_64.manylinux2014_x86_64.whl", hash = "sha256:4ea13c98e05a3ec0ff26f254986a17290b69b5ade209fad081fd628f8fcfaa08"},
    {file = "python_box-7.1.1-cp38-cp38-win_amd64.whl", hash = "sha256:1b3f346e332dba16df0b0543d319d9e7ce07d93e5ae152175302894352aa2d28"},
    {file = "python_box-7.1.1-cp39-cp39-macosx_11_0_x86_64.whl", hash = "sha256:24c4ec0ee0278f66321100aaa9c615413da27a14ff43d376a2a3b4665e1d9494"},
    {file = "python_box-7.1.1-cp39-cp39-manylinux_2_17_x86_64.manylinux2014_x86_64.whl", hash = "sha256:d95e5eec4fc8f3fc5c9cc7347fc2eb4f9187c853d34c90b1658d1eff96cd4eac"},
    {file = "python_box-7.1.1-cp39-cp39-win_amd64.whl", hash = "sha256:a0f1333c42e81529b6f68c192050df9d4505b803be7ac47f114036b98707f7cf"},
    {file = "python_box-7.1.1-py3-none-any.whl", hash = "sha256:63b609555554d7a9d4b6e725f8e78ef1717c67e7d386200e03422ad612338df8"},
]

[package.extras]
all = ["msgpack", "ruamel.yaml (>=0.17)", "toml"]
msgpack = ["msgpack"]
pyyaml = ["PyYAML"]
ruamel-yaml = ["ruamel.yaml (>=0.17)"]
toml = ["toml"]
tomli = ["tomli", "tomli-w"]
yaml = ["ruamel.yaml (>=0.17)"]

[[package]]
name = "six"
version = "1.16.0"
description = "Python 2 and 3 compatibility utilities"
optional = false
python-versions = ">=2.7, !=3.0.*, !=3.1.*, !=3.2.*"
files = [
    {file = "six-1.16.0-py2.py3-none-any.whl", hash = "sha256:8abb2f1d86890a2dfb989f9a77cfcfd3e47c2a354b01111771326f8aa26e0254"},
    {file = "six-1.16.0.tar.gz", hash = "sha256:1e61c37477a1626458e36f7b1d82aa5c9b094fa4802892072e49de9c60c4c926"},
]

[[package]]
name = "typing-extensions"
version = "4.8.0"
description = "Backported and Experimental Type Hints for Python 3.8+"
optional = false
python-versions = ">=3.8"
files = [
    {file = "typing_extensions-4.8.0-py3-none-any.whl", hash = "sha256:8f92fc8806f9a6b641eaa5318da32b44d401efaac0f6678c9bc448ba3605faa0"},
    {file = "typing_extensions-4.8.0.tar.gz", hash = "sha256:df8e4339e9cb77357558cbdbceca33c303714cf861d1eef15e1070055ae8b7ef"},
]

[[package]]
name = "wasmtime"
version = "13.0.2"
description = "A WebAssembly runtime powered by Wasmtime"
optional = false
python-versions = ">=3.8"
files = [
    {file = "wasmtime-13.0.2-py3-none-any.whl", hash = "sha256:0a40208bad7dda88475f74a9c3d6e029f24efbd5cf66e319ce0ea0c82a8c1daf"},
    {file = "wasmtime-13.0.2-py3-none-macosx_10_13_x86_64.whl", hash = "sha256:31978efdd5fe9e314e18650b8e8236791931beff0b2bfd901a369c7e99d9f5fb"},
    {file = "wasmtime-13.0.2-py3-none-macosx_11_0_arm64.whl", hash = "sha256:0f05a94cfe4db40c51352f7a6f9e66ada3d0b7505740c44fee7ad63e3d737e0d"},
    {file = "wasmtime-13.0.2-py3-none-manylinux1_x86_64.whl", hash = "sha256:de4b2e498aeb8f2926e2bc1c25de32c1cac980f095ca9877510d1c2fd6c75543"},
    {file = "wasmtime-13.0.2-py3-none-manylinux2014_aarch64.whl", hash = "sha256:454322592f7eecac42f9ff50ea87b4efc0d4c2cc7c7d13d4c15a092adcfeb916"},
    {file = "wasmtime-13.0.2-py3-none-win_amd64.whl", hash = "sha256:8aa90461e87cff1d8700e71e37c01598ae67911ae9349aeb9aede79435fb95a2"},
]

[package.extras]
testing = ["coverage", "flake8 (==4.0.1)", "pycparser", "pytest", "pytest-flake8", "pytest-mypy"]

[[package]]
name = "wheel"
version = "0.41.2"
description = "A built-package format for Python"
optional = false
python-versions = ">=3.7"
files = [
    {file = "wheel-0.41.2-py3-none-any.whl", hash = "sha256:75909db2664838d015e3d9139004ee16711748a52c8f336b52882266540215d8"},
    {file = "wheel-0.41.2.tar.gz", hash = "sha256:0c5ac5ff2afb79ac23ab82bab027a0be7b5dbcf2e54dc50efe4bf507de1f7985"},
]

[package.extras]
test = ["pytest (>=6.0.0)", "setuptools (>=65)"]

[metadata]
lock-version = "2.0"
python-versions = ">=3.8,<4.0"
content-hash = "651e39b9ffdcdb5f8749e6119ff8c79dcfe08ce64d9654cfe07914fb4a19d126"
